// !$*UTF8*$!
{
	archiveVersion = 1;
	classes = {
	};
	objectVersion = 56;
	objects = {

/* Begin PBXBuildFile section */
		9446C5FB2ABDA57E00BCE5DF /* Localizable.xcstrings in Resources */ = {isa = PBXBuildFile; fileRef = 9446C5FA2ABDA57E00BCE5DF /* Localizable.xcstrings */; };
		9448FF4B2AB31308003D63F1 /* CompositionRoot.swift in Sources */ = {isa = PBXBuildFile; fileRef = 9448FF4A2AB31308003D63F1 /* CompositionRoot.swift */; };
		9448FF4D2AB343D7003D63F1 /* WatchKit.swift in Sources */ = {isa = PBXBuildFile; fileRef = 9448FF4C2AB343D7003D63F1 /* WatchKit.swift */; };
		9448FF4F2AB34F0A003D63F1 /* VolumeCircleView.swift in Sources */ = {isa = PBXBuildFile; fileRef = 9448FF4E2AB34F0A003D63F1 /* VolumeCircleView.swift */; };
		945CCB5F2AB383D500C47E55 /* SwiftUI Preview.swift in Sources */ = {isa = PBXBuildFile; fileRef = 945CCB5E2AB383D500C47E55 /* SwiftUI Preview.swift */; };
		946F38972AB079C9008CE9D1 /* WatchCloud Watch App.app in Embed Watch Content */ = {isa = PBXBuildFile; fileRef = 946F38962AB079C9008CE9D1 /* WatchCloud Watch App.app */; settings = {ATTRIBUTES = (RemoveHeadersOnCopy, ); }; };
		946F38A02AB079CA008CE9D1 /* Assets.xcassets in Resources */ = {isa = PBXBuildFile; fileRef = 946F389F2AB079CA008CE9D1 /* Assets.xcassets */; };
		946F38A32AB079CA008CE9D1 /* Preview Assets.xcassets in Resources */ = {isa = PBXBuildFile; fileRef = 946F38A22AB079CA008CE9D1 /* Preview Assets.xcassets */; };
		946F38B12AB07A2E008CE9D1 /* SoundCloud in Frameworks */ = {isa = PBXBuildFile; productRef = 946F38B02AB07A2E008CE9D1 /* SoundCloud */; };
		946F38B52AB07D74008CE9D1 /* Config.xcconfig in Resources */ = {isa = PBXBuildFile; fileRef = 946F38B42AB07D74008CE9D1 /* Config.xcconfig */; };
		946F38CD2AB07F81008CE9D1 /* View.swift in Sources */ = {isa = PBXBuildFile; fileRef = 946F38B72AB07F81008CE9D1 /* View.swift */; };
		946F38CE2AB07F81008CE9D1 /* Progress.swift in Sources */ = {isa = PBXBuildFile; fileRef = 946F38B82AB07F81008CE9D1 /* Progress.swift */; };
		946F38CF2AB07F81008CE9D1 /* Delete.swift in Sources */ = {isa = PBXBuildFile; fileRef = 946F38B92AB07F81008CE9D1 /* Delete.swift */; };
		946F38D02AB07F81008CE9D1 /* Config.swift in Sources */ = {isa = PBXBuildFile; fileRef = 946F38BA2AB07F81008CE9D1 /* Config.swift */; };
		946F38D12AB07F81008CE9D1 /* Image.swift in Sources */ = {isa = PBXBuildFile; fileRef = 946F38BB2AB07F81008CE9D1 /* Image.swift */; };
		946F38D22AB07F81008CE9D1 /* Haptics.swift in Sources */ = {isa = PBXBuildFile; fileRef = 946F38BC2AB07F81008CE9D1 /* Haptics.swift */; };
		946F38D32AB07F81008CE9D1 /* SpinAnimation.swift in Sources */ = {isa = PBXBuildFile; fileRef = 946F38BD2AB07F81008CE9D1 /* SpinAnimation.swift */; };
		946F38D42AB07F81008CE9D1 /* MarqueeText.swift in Sources */ = {isa = PBXBuildFile; fileRef = 946F38BE2AB07F81008CE9D1 /* MarqueeText.swift */; };
		946F38D52AB07F81008CE9D1 /* LinearGradientProgressViewStyle.swift in Sources */ = {isa = PBXBuildFile; fileRef = 946F38BF2AB07F81008CE9D1 /* LinearGradientProgressViewStyle.swift */; };
		946F38D62AB07F81008CE9D1 /* DownloadsView.swift in Sources */ = {isa = PBXBuildFile; fileRef = 946F38C12AB07F81008CE9D1 /* DownloadsView.swift */; };
		946F38D72AB07F81008CE9D1 /* CurrentUserView.swift in Sources */ = {isa = PBXBuildFile; fileRef = 946F38C22AB07F81008CE9D1 /* CurrentUserView.swift */; };
		946F38D82AB07F81008CE9D1 /* PlayerOptionsView.swift in Sources */ = {isa = PBXBuildFile; fileRef = 946F38C32AB07F81008CE9D1 /* PlayerOptionsView.swift */; };
		946F38D92AB07F81008CE9D1 /* PlaylistView.swift in Sources */ = {isa = PBXBuildFile; fileRef = 946F38C42AB07F81008CE9D1 /* PlaylistView.swift */; };
		946F38DA2AB07F81008CE9D1 /* SettingsView.swift in Sources */ = {isa = PBXBuildFile; fileRef = 946F38C52AB07F81008CE9D1 /* SettingsView.swift */; };
		946F38DB2AB07F81008CE9D1 /* LoginView.swift in Sources */ = {isa = PBXBuildFile; fileRef = 946F38C62AB07F81008CE9D1 /* LoginView.swift */; };
		946F38DC2AB07F81008CE9D1 /* TrackCellView.swift in Sources */ = {isa = PBXBuildFile; fileRef = 946F38C72AB07F81008CE9D1 /* TrackCellView.swift */; };
		946F38DD2AB07F81008CE9D1 /* RootView.swift in Sources */ = {isa = PBXBuildFile; fileRef = 946F38C82AB07F81008CE9D1 /* RootView.swift */; };
		946F38DE2AB07F81008CE9D1 /* LibraryView.swift in Sources */ = {isa = PBXBuildFile; fileRef = 946F38C92AB07F81008CE9D1 /* LibraryView.swift */; };
		946F38DF2AB07F81008CE9D1 /* PlayerView.swift in Sources */ = {isa = PBXBuildFile; fileRef = 946F38CA2AB07F81008CE9D1 /* PlayerView.swift */; };
		946F38E02AB07F81008CE9D1 /* SCAudioPlayer.swift in Sources */ = {isa = PBXBuildFile; fileRef = 946F38CB2AB07F81008CE9D1 /* SCAudioPlayer.swift */; };
		946F38E12AB07F81008CE9D1 /* App.swift in Sources */ = {isa = PBXBuildFile; fileRef = 946F38CC2AB07F81008CE9D1 /* App.swift */; };
		94923C6B2ABDB5A300A67EBE /* PoweredBySCView.swift in Sources */ = {isa = PBXBuildFile; fileRef = 94923C6A2ABDB5A300A67EBE /* PoweredBySCView.swift */; };
		94923C6D2ABDBB2C00A67EBE /* String.swift in Sources */ = {isa = PBXBuildFile; fileRef = 94923C6C2ABDBB2C00A67EBE /* String.swift */; };
		94923C6F2ABDBBD500A67EBE /* Int.swift in Sources */ = {isa = PBXBuildFile; fileRef = 94923C6E2ABDBBD500A67EBE /* Int.swift */; };
		94A31B352AB517410052A922 /* CaseIterable.swift in Sources */ = {isa = PBXBuildFile; fileRef = 94A31B342AB517410052A922 /* CaseIterable.swift */; };
		94B6343B2ABDFAF900E6FCDA /* WidgetKit.framework in Frameworks */ = {isa = PBXBuildFile; fileRef = 946F38E72AB08470008CE9D1 /* WidgetKit.framework */; };
		94B6343C2ABDFAF900E6FCDA /* SwiftUI.framework in Frameworks */ = {isa = PBXBuildFile; fileRef = 946F38E92AB08470008CE9D1 /* SwiftUI.framework */; };
		94B6343F2ABDFAF900E6FCDA /* Complication.swift in Sources */ = {isa = PBXBuildFile; fileRef = 94B6343E2ABDFAF900E6FCDA /* Complication.swift */; };
		94B634412ABDFAFA00E6FCDA /* Assets.xcassets in Resources */ = {isa = PBXBuildFile; fileRef = 94B634402ABDFAFA00E6FCDA /* Assets.xcassets */; };
		94B634452ABDFAFA00E6FCDA /* ComplicationExtension.appex in Embed Foundation Extensions */ = {isa = PBXBuildFile; fileRef = 94B6343A2ABDFAF900E6FCDA /* ComplicationExtension.appex */; settings = {ATTRIBUTES = (RemoveHeadersOnCopy, ); }; };
		94C169A02AB474EE00570B4F /* Nuke in Frameworks */ = {isa = PBXBuildFile; productRef = 94C1699F2AB474EE00570B4F /* Nuke */; };
		94C169A22AB474EE00570B4F /* NukeUI in Frameworks */ = {isa = PBXBuildFile; productRef = 94C169A12AB474EE00570B4F /* NukeUI */; };
/* End PBXBuildFile section */

/* Begin PBXContainerItemProxy section */
		946F38982AB079C9008CE9D1 /* PBXContainerItemProxy */ = {
			isa = PBXContainerItemProxy;
			containerPortal = 946F388A2AB079C9008CE9D1 /* Project object */;
			proxyType = 1;
			remoteGlobalIDString = 946F38952AB079C9008CE9D1;
			remoteInfo = "WatchCloud Watch App";
		};
		94B634432ABDFAFA00E6FCDA /* PBXContainerItemProxy */ = {
			isa = PBXContainerItemProxy;
			containerPortal = 946F388A2AB079C9008CE9D1 /* Project object */;
			proxyType = 1;
			remoteGlobalIDString = 94B634392ABDFAF900E6FCDA;
			remoteInfo = ComplicationExtension;
		};
/* End PBXContainerItemProxy section */

/* Begin PBXCopyFilesBuildPhase section */
		946F38A92AB079CA008CE9D1 /* Embed Watch Content */ = {
			isa = PBXCopyFilesBuildPhase;
			buildActionMask = 2147483647;
			dstPath = "$(CONTENTS_FOLDER_PATH)/Watch";
			dstSubfolderSpec = 16;
			files = (
				946F38972AB079C9008CE9D1 /* WatchCloud Watch App.app in Embed Watch Content */,
			);
			name = "Embed Watch Content";
			runOnlyForDeploymentPostprocessing = 0;
		};
		946F38F72AB08471008CE9D1 /* Embed Foundation Extensions */ = {
			isa = PBXCopyFilesBuildPhase;
			buildActionMask = 2147483647;
			dstPath = "";
			dstSubfolderSpec = 13;
			files = (
				94B634452ABDFAFA00E6FCDA /* ComplicationExtension.appex in Embed Foundation Extensions */,
			);
			name = "Embed Foundation Extensions";
			runOnlyForDeploymentPostprocessing = 0;
		};
/* End PBXCopyFilesBuildPhase section */

/* Begin PBXFileReference section */
		9446C5FA2ABDA57E00BCE5DF /* Localizable.xcstrings */ = {isa = PBXFileReference; lastKnownFileType = text.json.xcstrings; path = Localizable.xcstrings; sourceTree = "<group>"; };
		9448FF4A2AB31308003D63F1 /* CompositionRoot.swift */ = {isa = PBXFileReference; lastKnownFileType = sourcecode.swift; path = CompositionRoot.swift; sourceTree = "<group>"; };
		9448FF4C2AB343D7003D63F1 /* WatchKit.swift */ = {isa = PBXFileReference; lastKnownFileType = sourcecode.swift; path = WatchKit.swift; sourceTree = "<group>"; };
		9448FF4E2AB34F0A003D63F1 /* VolumeCircleView.swift */ = {isa = PBXFileReference; lastKnownFileType = sourcecode.swift; path = VolumeCircleView.swift; sourceTree = "<group>"; };
		945CCB5E2AB383D500C47E55 /* SwiftUI Preview.swift */ = {isa = PBXFileReference; lastKnownFileType = sourcecode.swift; path = "SwiftUI Preview.swift"; sourceTree = "<group>"; };
		946F38902AB079C9008CE9D1 /* WatchCloud.app */ = {isa = PBXFileReference; explicitFileType = wrapper.application; includeInIndex = 0; path = WatchCloud.app; sourceTree = BUILT_PRODUCTS_DIR; };
		946F38962AB079C9008CE9D1 /* WatchCloud Watch App.app */ = {isa = PBXFileReference; explicitFileType = wrapper.application; includeInIndex = 0; path = "WatchCloud Watch App.app"; sourceTree = BUILT_PRODUCTS_DIR; };
		946F389F2AB079CA008CE9D1 /* Assets.xcassets */ = {isa = PBXFileReference; lastKnownFileType = folder.assetcatalog; path = Assets.xcassets; sourceTree = "<group>"; };
		946F38A22AB079CA008CE9D1 /* Preview Assets.xcassets */ = {isa = PBXFileReference; lastKnownFileType = folder.assetcatalog; path = "Preview Assets.xcassets"; sourceTree = "<group>"; };
		946F38AE2AB079FE008CE9D1 /* SoundCloud */ = {isa = PBXFileReference; lastKnownFileType = wrapper; name = SoundCloud; path = ../SoundCloud; sourceTree = "<group>"; };
		946F38B22AB07A78008CE9D1 /* WatchCloud-Watch-App-Info.plist */ = {isa = PBXFileReference; lastKnownFileType = text.plist.xml; name = "WatchCloud-Watch-App-Info.plist"; path = "WatchCloud Watch App/Config/WatchCloud-Watch-App-Info.plist"; sourceTree = SOURCE_ROOT; };
		946F38B42AB07D74008CE9D1 /* Config.xcconfig */ = {isa = PBXFileReference; fileEncoding = 4; lastKnownFileType = text.xcconfig; path = Config.xcconfig; sourceTree = "<group>"; };
		946F38B72AB07F81008CE9D1 /* View.swift */ = {isa = PBXFileReference; fileEncoding = 4; lastKnownFileType = sourcecode.swift; path = View.swift; sourceTree = "<group>"; };
		946F38B82AB07F81008CE9D1 /* Progress.swift */ = {isa = PBXFileReference; fileEncoding = 4; lastKnownFileType = sourcecode.swift; path = Progress.swift; sourceTree = "<group>"; };
		946F38B92AB07F81008CE9D1 /* Delete.swift */ = {isa = PBXFileReference; fileEncoding = 4; lastKnownFileType = sourcecode.swift; path = Delete.swift; sourceTree = "<group>"; };
		946F38BA2AB07F81008CE9D1 /* Config.swift */ = {isa = PBXFileReference; fileEncoding = 4; lastKnownFileType = sourcecode.swift; path = Config.swift; sourceTree = "<group>"; };
		946F38BB2AB07F81008CE9D1 /* Image.swift */ = {isa = PBXFileReference; fileEncoding = 4; lastKnownFileType = sourcecode.swift; path = Image.swift; sourceTree = "<group>"; };
		946F38BC2AB07F81008CE9D1 /* Haptics.swift */ = {isa = PBXFileReference; fileEncoding = 4; lastKnownFileType = sourcecode.swift; path = Haptics.swift; sourceTree = "<group>"; };
		946F38BD2AB07F81008CE9D1 /* SpinAnimation.swift */ = {isa = PBXFileReference; fileEncoding = 4; lastKnownFileType = sourcecode.swift; path = SpinAnimation.swift; sourceTree = "<group>"; };
		946F38BE2AB07F81008CE9D1 /* MarqueeText.swift */ = {isa = PBXFileReference; fileEncoding = 4; lastKnownFileType = sourcecode.swift; path = MarqueeText.swift; sourceTree = "<group>"; };
		946F38BF2AB07F81008CE9D1 /* LinearGradientProgressViewStyle.swift */ = {isa = PBXFileReference; fileEncoding = 4; lastKnownFileType = sourcecode.swift; path = LinearGradientProgressViewStyle.swift; sourceTree = "<group>"; };
		946F38C12AB07F81008CE9D1 /* DownloadsView.swift */ = {isa = PBXFileReference; fileEncoding = 4; lastKnownFileType = sourcecode.swift; path = DownloadsView.swift; sourceTree = "<group>"; };
		946F38C22AB07F81008CE9D1 /* CurrentUserView.swift */ = {isa = PBXFileReference; fileEncoding = 4; lastKnownFileType = sourcecode.swift; path = CurrentUserView.swift; sourceTree = "<group>"; };
		946F38C32AB07F81008CE9D1 /* PlayerOptionsView.swift */ = {isa = PBXFileReference; fileEncoding = 4; lastKnownFileType = sourcecode.swift; path = PlayerOptionsView.swift; sourceTree = "<group>"; };
		946F38C42AB07F81008CE9D1 /* PlaylistView.swift */ = {isa = PBXFileReference; fileEncoding = 4; lastKnownFileType = sourcecode.swift; path = PlaylistView.swift; sourceTree = "<group>"; };
		946F38C52AB07F81008CE9D1 /* SettingsView.swift */ = {isa = PBXFileReference; fileEncoding = 4; lastKnownFileType = sourcecode.swift; path = SettingsView.swift; sourceTree = "<group>"; };
		946F38C62AB07F81008CE9D1 /* LoginView.swift */ = {isa = PBXFileReference; fileEncoding = 4; lastKnownFileType = sourcecode.swift; path = LoginView.swift; sourceTree = "<group>"; };
		946F38C72AB07F81008CE9D1 /* TrackCellView.swift */ = {isa = PBXFileReference; fileEncoding = 4; lastKnownFileType = sourcecode.swift; path = TrackCellView.swift; sourceTree = "<group>"; };
		946F38C82AB07F81008CE9D1 /* RootView.swift */ = {isa = PBXFileReference; fileEncoding = 4; lastKnownFileType = sourcecode.swift; path = RootView.swift; sourceTree = "<group>"; };
		946F38C92AB07F81008CE9D1 /* LibraryView.swift */ = {isa = PBXFileReference; fileEncoding = 4; lastKnownFileType = sourcecode.swift; path = LibraryView.swift; sourceTree = "<group>"; };
		946F38CA2AB07F81008CE9D1 /* PlayerView.swift */ = {isa = PBXFileReference; fileEncoding = 4; lastKnownFileType = sourcecode.swift; path = PlayerView.swift; sourceTree = "<group>"; };
		946F38CB2AB07F81008CE9D1 /* SCAudioPlayer.swift */ = {isa = PBXFileReference; fileEncoding = 4; lastKnownFileType = sourcecode.swift; path = SCAudioPlayer.swift; sourceTree = "<group>"; };
		946F38CC2AB07F81008CE9D1 /* App.swift */ = {isa = PBXFileReference; fileEncoding = 4; lastKnownFileType = sourcecode.swift; path = App.swift; sourceTree = "<group>"; };
		946F38E72AB08470008CE9D1 /* WidgetKit.framework */ = {isa = PBXFileReference; lastKnownFileType = wrapper.framework; name = WidgetKit.framework; path = System/Library/Frameworks/WidgetKit.framework; sourceTree = SDKROOT; };
		946F38E92AB08470008CE9D1 /* SwiftUI.framework */ = {isa = PBXFileReference; lastKnownFileType = wrapper.framework; name = SwiftUI.framework; path = System/Library/Frameworks/SwiftUI.framework; sourceTree = SDKROOT; };
		94923C6A2ABDB5A300A67EBE /* PoweredBySCView.swift */ = {isa = PBXFileReference; lastKnownFileType = sourcecode.swift; path = PoweredBySCView.swift; sourceTree = "<group>"; };
		94923C6C2ABDBB2C00A67EBE /* String.swift */ = {isa = PBXFileReference; lastKnownFileType = sourcecode.swift; path = String.swift; sourceTree = "<group>"; };
		94923C6E2ABDBBD500A67EBE /* Int.swift */ = {isa = PBXFileReference; fileEncoding = 4; lastKnownFileType = sourcecode.swift; path = Int.swift; sourceTree = "<group>"; };
		94A31B342AB517410052A922 /* CaseIterable.swift */ = {isa = PBXFileReference; lastKnownFileType = sourcecode.swift; path = CaseIterable.swift; sourceTree = "<group>"; };
		94B6343A2ABDFAF900E6FCDA /* ComplicationExtension.appex */ = {isa = PBXFileReference; explicitFileType = "wrapper.app-extension"; includeInIndex = 0; path = ComplicationExtension.appex; sourceTree = BUILT_PRODUCTS_DIR; };
		94B6343E2ABDFAF900E6FCDA /* Complication.swift */ = {isa = PBXFileReference; lastKnownFileType = sourcecode.swift; path = Complication.swift; sourceTree = "<group>"; };
		94B634402ABDFAFA00E6FCDA /* Assets.xcassets */ = {isa = PBXFileReference; lastKnownFileType = folder.assetcatalog; path = Assets.xcassets; sourceTree = "<group>"; };
		94B634422ABDFAFA00E6FCDA /* Info.plist */ = {isa = PBXFileReference; lastKnownFileType = text.plist.xml; path = Info.plist; sourceTree = "<group>"; };
		94B6344A2ABE5B7700E6FCDA /* Playlist Summary - S845.png */ = {isa = PBXFileReference; lastKnownFileType = image.png; path = "Playlist Summary - S845.png"; sourceTree = "<group>"; };
		94B6344B2ABE5B7700E6FCDA /* Library - S845.png */ = {isa = PBXFileReference; lastKnownFileType = image.png; path = "Library - S845.png"; sourceTree = "<group>"; };
		94B6344C2ABE5B7700E6FCDA /* Player - S845.png */ = {isa = PBXFileReference; lastKnownFileType = image.png; path = "Player - S845.png"; sourceTree = "<group>"; };
		94B6344D2ABE5B7700E6FCDA /* Demo.gif */ = {isa = PBXFileReference; lastKnownFileType = image.gif; path = Demo.gif; sourceTree = "<group>"; };
		94B6344E2ABE5B7700E6FCDA /* Playlist tracks - S845.png */ = {isa = PBXFileReference; lastKnownFileType = image.png; path = "Playlist tracks - S845.png"; sourceTree = "<group>"; };
		94B634502ABE5B7700E6FCDA /* Playlist Summary - S945.png */ = {isa = PBXFileReference; lastKnownFileType = image.png; path = "Playlist Summary - S945.png"; sourceTree = "<group>"; };
		94B634512ABE5B7700E6FCDA /* Login - S945.png */ = {isa = PBXFileReference; lastKnownFileType = image.png; path = "Login - S945.png"; sourceTree = "<group>"; };
		94B634522ABE5B7700E6FCDA /* Playlist Tracks - S945.png */ = {isa = PBXFileReference; lastKnownFileType = image.png; path = "Playlist Tracks - S945.png"; sourceTree = "<group>"; };
		94B634532ABE5B7700E6FCDA /* Library - S945.png */ = {isa = PBXFileReference; lastKnownFileType = image.png; path = "Library - S945.png"; sourceTree = "<group>"; };
		94B634542ABE5B7700E6FCDA /* Player Options - S945.png */ = {isa = PBXFileReference; lastKnownFileType = image.png; path = "Player Options - S945.png"; sourceTree = "<group>"; };
		94B634552ABE5B7700E6FCDA /* Player - S945.png */ = {isa = PBXFileReference; lastKnownFileType = image.png; path = "Player - S945.png"; sourceTree = "<group>"; };
		94F3FCD12AB9A3B5005D03DF /* CHANGELOG.md */ = {isa = PBXFileReference; fileEncoding = 4; lastKnownFileType = net.daringfireball.markdown; path = CHANGELOG.md; sourceTree = "<group>"; };
		94F3FCD22AB9A3B5005D03DF /* README.md */ = {isa = PBXFileReference; fileEncoding = 4; lastKnownFileType = net.daringfireball.markdown; path = README.md; sourceTree = "<group>"; };
/* End PBXFileReference section */

/* Begin PBXFrameworksBuildPhase section */
		946F38932AB079C9008CE9D1 /* Frameworks */ = {
			isa = PBXFrameworksBuildPhase;
			buildActionMask = 2147483647;
			files = (
				94C169A22AB474EE00570B4F /* NukeUI in Frameworks */,
				946F38B12AB07A2E008CE9D1 /* SoundCloud in Frameworks */,
				94C169A02AB474EE00570B4F /* Nuke in Frameworks */,
			);
			runOnlyForDeploymentPostprocessing = 0;
		};
		94B634372ABDFAF900E6FCDA /* Frameworks */ = {
			isa = PBXFrameworksBuildPhase;
			buildActionMask = 2147483647;
			files = (
				94B6343C2ABDFAF900E6FCDA /* SwiftUI.framework in Frameworks */,
				94B6343B2ABDFAF900E6FCDA /* WidgetKit.framework in Frameworks */,
			);
			runOnlyForDeploymentPostprocessing = 0;
		};
/* End PBXFrameworksBuildPhase section */

/* Begin PBXGroup section */
		946F38892AB079C9008CE9D1 = {
			isa = PBXGroup;
			children = (
				946F389A2AB079C9008CE9D1 /* WatchCloud Watch App */,
				94B6343D2ABDFAF900E6FCDA /* Complication */,
				946F38912AB079C9008CE9D1 /* Products */,
				946F38AF2AB07A2E008CE9D1 /* Frameworks */,
				946F38AD2AB079FE008CE9D1 /* Packages */,
				94F3FCD02AB9A3B5005D03DF /* Screenshots */,
				94F3FCD22AB9A3B5005D03DF /* README.md */,
				94F3FCD12AB9A3B5005D03DF /* CHANGELOG.md */,
			);
			sourceTree = "<group>";
		};
		946F38912AB079C9008CE9D1 /* Products */ = {
			isa = PBXGroup;
			children = (
				946F38902AB079C9008CE9D1 /* WatchCloud.app */,
				946F38962AB079C9008CE9D1 /* WatchCloud Watch App.app */,
				94B6343A2ABDFAF900E6FCDA /* ComplicationExtension.appex */,
			);
			name = Products;
			sourceTree = "<group>";
		};
		946F389A2AB079C9008CE9D1 /* WatchCloud Watch App */ = {
			isa = PBXGroup;
			children = (
				946F38CC2AB07F81008CE9D1 /* App.swift */,
				9448FF4A2AB31308003D63F1 /* CompositionRoot.swift */,
				946F38CB2AB07F81008CE9D1 /* SCAudioPlayer.swift */,
				946F38B32AB07CB1008CE9D1 /* Config */,
				946F38B62AB07F81008CE9D1 /* Extension */,
				946F38C02AB07F81008CE9D1 /* UI */,
			);
			path = "WatchCloud Watch App";
			sourceTree = "<group>";
		};
		946F38A12AB079CA008CE9D1 /* Preview Content */ = {
			isa = PBXGroup;
			children = (
				946F38A22AB079CA008CE9D1 /* Preview Assets.xcassets */,
			);
			path = "Preview Content";
			sourceTree = "<group>";
		};
		946F38AD2AB079FE008CE9D1 /* Packages */ = {
			isa = PBXGroup;
			children = (
				946F38AE2AB079FE008CE9D1 /* SoundCloud */,
			);
			name = Packages;
			sourceTree = "<group>";
		};
		946F38AF2AB07A2E008CE9D1 /* Frameworks */ = {
			isa = PBXGroup;
			children = (
				946F38E72AB08470008CE9D1 /* WidgetKit.framework */,
				946F38E92AB08470008CE9D1 /* SwiftUI.framework */,
			);
			name = Frameworks;
			sourceTree = "<group>";
		};
		946F38B32AB07CB1008CE9D1 /* Config */ = {
			isa = PBXGroup;
			children = (
				946F389F2AB079CA008CE9D1 /* Assets.xcassets */,
				946F38BA2AB07F81008CE9D1 /* Config.swift */,
				946F38B42AB07D74008CE9D1 /* Config.xcconfig */,
				9446C5FA2ABDA57E00BCE5DF /* Localizable.xcstrings */,
				946F38A12AB079CA008CE9D1 /* Preview Content */,
				946F38B22AB07A78008CE9D1 /* WatchCloud-Watch-App-Info.plist */,
			);
			path = Config;
			sourceTree = "<group>";
		};
		946F38B62AB07F81008CE9D1 /* Extension */ = {
			isa = PBXGroup;
			children = (
				94A31B342AB517410052A922 /* CaseIterable.swift */,
				946F38B92AB07F81008CE9D1 /* Delete.swift */,
				946F38BC2AB07F81008CE9D1 /* Haptics.swift */,
				946F38BB2AB07F81008CE9D1 /* Image.swift */,
				94923C6E2ABDBBD500A67EBE /* Int.swift */,
				946F38BF2AB07F81008CE9D1 /* LinearGradientProgressViewStyle.swift */,
				946F38BE2AB07F81008CE9D1 /* MarqueeText.swift */,
				946F38B82AB07F81008CE9D1 /* Progress.swift */,
				946F38BD2AB07F81008CE9D1 /* SpinAnimation.swift */,
				94923C6C2ABDBB2C00A67EBE /* String.swift */,
				945CCB5E2AB383D500C47E55 /* SwiftUI Preview.swift */,
				946F38B72AB07F81008CE9D1 /* View.swift */,
				9448FF4C2AB343D7003D63F1 /* WatchKit.swift */,
			);
			path = Extension;
			sourceTree = "<group>";
		};
		946F38C02AB07F81008CE9D1 /* UI */ = {
			isa = PBXGroup;
			children = (
				946F38C22AB07F81008CE9D1 /* CurrentUserView.swift */,
				946F38C12AB07F81008CE9D1 /* DownloadsView.swift */,
				946F38C92AB07F81008CE9D1 /* LibraryView.swift */,
				946F38C62AB07F81008CE9D1 /* LoginView.swift */,
				946F38C32AB07F81008CE9D1 /* PlayerOptionsView.swift */,
				946F38CA2AB07F81008CE9D1 /* PlayerView.swift */,
				946F38C42AB07F81008CE9D1 /* PlaylistView.swift */,
				94923C6A2ABDB5A300A67EBE /* PoweredBySCView.swift */,
				946F38C82AB07F81008CE9D1 /* RootView.swift */,
				946F38C52AB07F81008CE9D1 /* SettingsView.swift */,
				946F38C72AB07F81008CE9D1 /* TrackCellView.swift */,
				9448FF4E2AB34F0A003D63F1 /* VolumeCircleView.swift */,
			);
			path = UI;
			sourceTree = "<group>";
		};
		94B6343D2ABDFAF900E6FCDA /* Complication */ = {
			isa = PBXGroup;
			children = (
				94B6343E2ABDFAF900E6FCDA /* Complication.swift */,
				94B634402ABDFAFA00E6FCDA /* Assets.xcassets */,
				94B634422ABDFAFA00E6FCDA /* Info.plist */,
			);
			path = Complication;
			sourceTree = "<group>";
		};
		94B634492ABE5B7700E6FCDA /* 1.0 */ = {
			isa = PBXGroup;
			children = (
				94B6344A2ABE5B7700E6FCDA /* Playlist Summary - S845.png */,
				94B6344B2ABE5B7700E6FCDA /* Library - S845.png */,
				94B6344C2ABE5B7700E6FCDA /* Player - S845.png */,
				94B6344D2ABE5B7700E6FCDA /* Demo.gif */,
				94B6344E2ABE5B7700E6FCDA /* Playlist tracks - S845.png */,
			);
			path = 1.0;
			sourceTree = "<group>";
		};
		94B6344F2ABE5B7700E6FCDA /* 1.0.1 */ = {
			isa = PBXGroup;
			children = (
				94B634502ABE5B7700E6FCDA /* Playlist Summary - S945.png */,
				94B634512ABE5B7700E6FCDA /* Login - S945.png */,
				94B634522ABE5B7700E6FCDA /* Playlist Tracks - S945.png */,
				94B634532ABE5B7700E6FCDA /* Library - S945.png */,
				94B634542ABE5B7700E6FCDA /* Player Options - S945.png */,
				94B634552ABE5B7700E6FCDA /* Player - S945.png */,
			);
			path = 1.0.1;
			sourceTree = "<group>";
		};
		94F3FCD02AB9A3B5005D03DF /* Screenshots */ = {
			isa = PBXGroup;
			children = (
				94B634492ABE5B7700E6FCDA /* 1.0 */,
				94B6344F2ABE5B7700E6FCDA /* 1.0.1 */,
			);
			path = Screenshots;
			sourceTree = "<group>";
		};
/* End PBXGroup section */

/* Begin PBXNativeTarget section */
		946F388F2AB079C9008CE9D1 /* WatchCloud */ = {
			isa = PBXNativeTarget;
			buildConfigurationList = 946F38AA2AB079CA008CE9D1 /* Build configuration list for PBXNativeTarget "WatchCloud" */;
			buildPhases = (
				946F388E2AB079C9008CE9D1 /* Resources */,
				946F38A92AB079CA008CE9D1 /* Embed Watch Content */,
			);
			buildRules = (
			);
			dependencies = (
				946F38992AB079C9008CE9D1 /* PBXTargetDependency */,
			);
			name = WatchCloud;
			productName = WatchCloud;
			productReference = 946F38902AB079C9008CE9D1 /* WatchCloud.app */;
			productType = "com.apple.product-type.application.watchapp2-container";
		};
		946F38952AB079C9008CE9D1 /* WatchCloud Watch App */ = {
			isa = PBXNativeTarget;
			buildConfigurationList = 946F38A62AB079CA008CE9D1 /* Build configuration list for PBXNativeTarget "WatchCloud Watch App" */;
			buildPhases = (
				946F38922AB079C9008CE9D1 /* Sources */,
				946F38932AB079C9008CE9D1 /* Frameworks */,
				946F38942AB079C9008CE9D1 /* Resources */,
				946F38F72AB08471008CE9D1 /* Embed Foundation Extensions */,
			);
			buildRules = (
			);
			dependencies = (
				94B634442ABDFAFA00E6FCDA /* PBXTargetDependency */,
			);
			name = "WatchCloud Watch App";
			packageProductDependencies = (
				946F38B02AB07A2E008CE9D1 /* SoundCloud */,
				94C1699F2AB474EE00570B4F /* Nuke */,
				94C169A12AB474EE00570B4F /* NukeUI */,
			);
			productName = "WatchCloud Watch App";
			productReference = 946F38962AB079C9008CE9D1 /* WatchCloud Watch App.app */;
			productType = "com.apple.product-type.application";
		};
		94B634392ABDFAF900E6FCDA /* ComplicationExtension */ = {
			isa = PBXNativeTarget;
			buildConfigurationList = 94B634462ABDFAFA00E6FCDA /* Build configuration list for PBXNativeTarget "ComplicationExtension" */;
			buildPhases = (
				94B634362ABDFAF900E6FCDA /* Sources */,
				94B634372ABDFAF900E6FCDA /* Frameworks */,
				94B634382ABDFAF900E6FCDA /* Resources */,
			);
			buildRules = (
			);
			dependencies = (
			);
			name = ComplicationExtension;
			productName = ComplicationExtension;
			productReference = 94B6343A2ABDFAF900E6FCDA /* ComplicationExtension.appex */;
			productType = "com.apple.product-type.app-extension";
		};
/* End PBXNativeTarget section */

/* Begin PBXProject section */
		946F388A2AB079C9008CE9D1 /* Project object */ = {
			isa = PBXProject;
			attributes = {
				BuildIndependentTargetsInParallel = 1;
				LastSwiftUpdateCheck = 1500;
				LastUpgradeCheck = 1430;
				TargetAttributes = {
					946F388F2AB079C9008CE9D1 = {
						CreatedOnToolsVersion = 14.3.1;
					};
					946F38952AB079C9008CE9D1 = {
						CreatedOnToolsVersion = 14.3.1;
					};
					94B634392ABDFAF900E6FCDA = {
						CreatedOnToolsVersion = 15.0;
					};
				};
			};
			buildConfigurationList = 946F388D2AB079C9008CE9D1 /* Build configuration list for PBXProject "WatchCloud" */;
			compatibilityVersion = "Xcode 14.0";
			developmentRegion = en;
			hasScannedForEncodings = 0;
			knownRegions = (
				en,
				Base,
				fr,
				de,
				ko,
			);
			mainGroup = 946F38892AB079C9008CE9D1;
			packageReferences = (
				94C1699E2AB474EE00570B4F /* XCRemoteSwiftPackageReference "Nuke" */,
			);
			productRefGroup = 946F38912AB079C9008CE9D1 /* Products */;
			projectDirPath = "";
			projectRoot = "";
			targets = (
				946F388F2AB079C9008CE9D1 /* WatchCloud */,
				946F38952AB079C9008CE9D1 /* WatchCloud Watch App */,
				94B634392ABDFAF900E6FCDA /* ComplicationExtension */,
			);
		};
/* End PBXProject section */

/* Begin PBXResourcesBuildPhase section */
		946F388E2AB079C9008CE9D1 /* Resources */ = {
			isa = PBXResourcesBuildPhase;
			buildActionMask = 2147483647;
			files = (
			);
			runOnlyForDeploymentPostprocessing = 0;
		};
		946F38942AB079C9008CE9D1 /* Resources */ = {
			isa = PBXResourcesBuildPhase;
			buildActionMask = 2147483647;
			files = (
				946F38A32AB079CA008CE9D1 /* Preview Assets.xcassets in Resources */,
				946F38B52AB07D74008CE9D1 /* Config.xcconfig in Resources */,
				9446C5FB2ABDA57E00BCE5DF /* Localizable.xcstrings in Resources */,
				946F38A02AB079CA008CE9D1 /* Assets.xcassets in Resources */,
			);
			runOnlyForDeploymentPostprocessing = 0;
		};
		94B634382ABDFAF900E6FCDA /* Resources */ = {
			isa = PBXResourcesBuildPhase;
			buildActionMask = 2147483647;
			files = (
				94B634412ABDFAFA00E6FCDA /* Assets.xcassets in Resources */,
			);
			runOnlyForDeploymentPostprocessing = 0;
		};
/* End PBXResourcesBuildPhase section */

/* Begin PBXSourcesBuildPhase section */
		946F38922AB079C9008CE9D1 /* Sources */ = {
			isa = PBXSourcesBuildPhase;
			buildActionMask = 2147483647;
			files = (
				946F38DC2AB07F81008CE9D1 /* TrackCellView.swift in Sources */,
				946F38D52AB07F81008CE9D1 /* LinearGradientProgressViewStyle.swift in Sources */,
				946F38D72AB07F81008CE9D1 /* CurrentUserView.swift in Sources */,
				94923C6F2ABDBBD500A67EBE /* Int.swift in Sources */,
				946F38D12AB07F81008CE9D1 /* Image.swift in Sources */,
				946F38CF2AB07F81008CE9D1 /* Delete.swift in Sources */,
				94A31B352AB517410052A922 /* CaseIterable.swift in Sources */,
				946F38DD2AB07F81008CE9D1 /* RootView.swift in Sources */,
				9448FF4F2AB34F0A003D63F1 /* VolumeCircleView.swift in Sources */,
				946F38D62AB07F81008CE9D1 /* DownloadsView.swift in Sources */,
				946F38DE2AB07F81008CE9D1 /* LibraryView.swift in Sources */,
				946F38E02AB07F81008CE9D1 /* SCAudioPlayer.swift in Sources */,
				946F38E12AB07F81008CE9D1 /* App.swift in Sources */,
				946F38DF2AB07F81008CE9D1 /* PlayerView.swift in Sources */,
				9448FF4D2AB343D7003D63F1 /* WatchKit.swift in Sources */,
				946F38D22AB07F81008CE9D1 /* Haptics.swift in Sources */,
				946F38D82AB07F81008CE9D1 /* PlayerOptionsView.swift in Sources */,
				94923C6B2ABDB5A300A67EBE /* PoweredBySCView.swift in Sources */,
				946F38DA2AB07F81008CE9D1 /* SettingsView.swift in Sources */,
				94923C6D2ABDBB2C00A67EBE /* String.swift in Sources */,
				946F38DB2AB07F81008CE9D1 /* LoginView.swift in Sources */,
				946F38D92AB07F81008CE9D1 /* PlaylistView.swift in Sources */,
				946F38D32AB07F81008CE9D1 /* SpinAnimation.swift in Sources */,
				946F38CE2AB07F81008CE9D1 /* Progress.swift in Sources */,
				9448FF4B2AB31308003D63F1 /* CompositionRoot.swift in Sources */,
				946F38D42AB07F81008CE9D1 /* MarqueeText.swift in Sources */,
				946F38CD2AB07F81008CE9D1 /* View.swift in Sources */,
				946F38D02AB07F81008CE9D1 /* Config.swift in Sources */,
				945CCB5F2AB383D500C47E55 /* SwiftUI Preview.swift in Sources */,
			);
			runOnlyForDeploymentPostprocessing = 0;
		};
		94B634362ABDFAF900E6FCDA /* Sources */ = {
			isa = PBXSourcesBuildPhase;
			buildActionMask = 2147483647;
			files = (
				94B6343F2ABDFAF900E6FCDA /* Complication.swift in Sources */,
			);
			runOnlyForDeploymentPostprocessing = 0;
		};
/* End PBXSourcesBuildPhase section */

/* Begin PBXTargetDependency section */
		946F38992AB079C9008CE9D1 /* PBXTargetDependency */ = {
			isa = PBXTargetDependency;
			target = 946F38952AB079C9008CE9D1 /* WatchCloud Watch App */;
			targetProxy = 946F38982AB079C9008CE9D1 /* PBXContainerItemProxy */;
		};
		94B634442ABDFAFA00E6FCDA /* PBXTargetDependency */ = {
			isa = PBXTargetDependency;
			target = 94B634392ABDFAF900E6FCDA /* ComplicationExtension */;
			targetProxy = 94B634432ABDFAFA00E6FCDA /* PBXContainerItemProxy */;
		};
/* End PBXTargetDependency section */

/* Begin XCBuildConfiguration section */
		946F38A42AB079CA008CE9D1 /* Debug */ = {
			isa = XCBuildConfiguration;
			baseConfigurationReference = 946F38B42AB07D74008CE9D1 /* Config.xcconfig */;
			buildSettings = {
				ALWAYS_SEARCH_USER_PATHS = NO;
				CLANG_ANALYZER_NONNULL = YES;
				CLANG_ANALYZER_NUMBER_OBJECT_CONVERSION = YES_AGGRESSIVE;
				CLANG_CXX_LANGUAGE_STANDARD = "gnu++20";
				CLANG_ENABLE_MODULES = YES;
				CLANG_ENABLE_OBJC_ARC = YES;
				CLANG_ENABLE_OBJC_WEAK = YES;
				CLANG_WARN_BLOCK_CAPTURE_AUTORELEASING = YES;
				CLANG_WARN_BOOL_CONVERSION = YES;
				CLANG_WARN_COMMA = YES;
				CLANG_WARN_CONSTANT_CONVERSION = YES;
				CLANG_WARN_DEPRECATED_OBJC_IMPLEMENTATIONS = YES;
				CLANG_WARN_DIRECT_OBJC_ISA_USAGE = YES_ERROR;
				CLANG_WARN_DOCUMENTATION_COMMENTS = YES;
				CLANG_WARN_EMPTY_BODY = YES;
				CLANG_WARN_ENUM_CONVERSION = YES;
				CLANG_WARN_INFINITE_RECURSION = YES;
				CLANG_WARN_INT_CONVERSION = YES;
				CLANG_WARN_NON_LITERAL_NULL_CONVERSION = YES;
				CLANG_WARN_OBJC_IMPLICIT_RETAIN_SELF = YES;
				CLANG_WARN_OBJC_LITERAL_CONVERSION = YES;
				CLANG_WARN_OBJC_ROOT_CLASS = YES_ERROR;
				CLANG_WARN_QUOTED_INCLUDE_IN_FRAMEWORK_HEADER = YES;
				CLANG_WARN_RANGE_LOOP_ANALYSIS = YES;
				CLANG_WARN_STRICT_PROTOTYPES = YES;
				CLANG_WARN_SUSPICIOUS_MOVE = YES;
				CLANG_WARN_UNGUARDED_AVAILABILITY = YES_AGGRESSIVE;
				CLANG_WARN_UNREACHABLE_CODE = YES;
				CLANG_WARN__DUPLICATE_METHOD_MATCH = YES;
				COPY_PHASE_STRIP = NO;
				DEBUG_INFORMATION_FORMAT = dwarf;
				ENABLE_STRICT_OBJC_MSGSEND = YES;
				ENABLE_TESTABILITY = YES;
				GCC_C_LANGUAGE_STANDARD = gnu11;
				GCC_DYNAMIC_NO_PIC = NO;
				GCC_NO_COMMON_BLOCKS = YES;
				GCC_OPTIMIZATION_LEVEL = 0;
				GCC_PREPROCESSOR_DEFINITIONS = (
					"DEBUG=1",
					"$(inherited)",
				);
				GCC_WARN_64_TO_32_BIT_CONVERSION = YES;
				GCC_WARN_ABOUT_RETURN_TYPE = YES_ERROR;
				GCC_WARN_UNDECLARED_SELECTOR = YES;
				GCC_WARN_UNINITIALIZED_AUTOS = YES_AGGRESSIVE;
				GCC_WARN_UNUSED_FUNCTION = YES;
				GCC_WARN_UNUSED_VARIABLE = YES;
				MTL_ENABLE_DEBUG_INFO = INCLUDE_SOURCE;
				MTL_FAST_MATH = YES;
				ONLY_ACTIVE_ARCH = YES;
				SWIFT_ACTIVE_COMPILATION_CONDITIONS = DEBUG;
				SWIFT_OPTIMIZATION_LEVEL = "-Onone";
				WATCHOS_DEPLOYMENT_TARGET = 9.1;
			};
			name = Debug;
		};
		946F38A52AB079CA008CE9D1 /* Release */ = {
			isa = XCBuildConfiguration;
			baseConfigurationReference = 946F38B42AB07D74008CE9D1 /* Config.xcconfig */;
			buildSettings = {
				ALWAYS_SEARCH_USER_PATHS = NO;
				CLANG_ANALYZER_NONNULL = YES;
				CLANG_ANALYZER_NUMBER_OBJECT_CONVERSION = YES_AGGRESSIVE;
				CLANG_CXX_LANGUAGE_STANDARD = "gnu++20";
				CLANG_ENABLE_MODULES = YES;
				CLANG_ENABLE_OBJC_ARC = YES;
				CLANG_ENABLE_OBJC_WEAK = YES;
				CLANG_WARN_BLOCK_CAPTURE_AUTORELEASING = YES;
				CLANG_WARN_BOOL_CONVERSION = YES;
				CLANG_WARN_COMMA = YES;
				CLANG_WARN_CONSTANT_CONVERSION = YES;
				CLANG_WARN_DEPRECATED_OBJC_IMPLEMENTATIONS = YES;
				CLANG_WARN_DIRECT_OBJC_ISA_USAGE = YES_ERROR;
				CLANG_WARN_DOCUMENTATION_COMMENTS = YES;
				CLANG_WARN_EMPTY_BODY = YES;
				CLANG_WARN_ENUM_CONVERSION = YES;
				CLANG_WARN_INFINITE_RECURSION = YES;
				CLANG_WARN_INT_CONVERSION = YES;
				CLANG_WARN_NON_LITERAL_NULL_CONVERSION = YES;
				CLANG_WARN_OBJC_IMPLICIT_RETAIN_SELF = YES;
				CLANG_WARN_OBJC_LITERAL_CONVERSION = YES;
				CLANG_WARN_OBJC_ROOT_CLASS = YES_ERROR;
				CLANG_WARN_QUOTED_INCLUDE_IN_FRAMEWORK_HEADER = YES;
				CLANG_WARN_RANGE_LOOP_ANALYSIS = YES;
				CLANG_WARN_STRICT_PROTOTYPES = YES;
				CLANG_WARN_SUSPICIOUS_MOVE = YES;
				CLANG_WARN_UNGUARDED_AVAILABILITY = YES_AGGRESSIVE;
				CLANG_WARN_UNREACHABLE_CODE = YES;
				CLANG_WARN__DUPLICATE_METHOD_MATCH = YES;
				COPY_PHASE_STRIP = NO;
				DEBUG_INFORMATION_FORMAT = "dwarf-with-dsym";
				ENABLE_NS_ASSERTIONS = NO;
				ENABLE_STRICT_OBJC_MSGSEND = YES;
				GCC_C_LANGUAGE_STANDARD = gnu11;
				GCC_NO_COMMON_BLOCKS = YES;
				GCC_WARN_64_TO_32_BIT_CONVERSION = YES;
				GCC_WARN_ABOUT_RETURN_TYPE = YES_ERROR;
				GCC_WARN_UNDECLARED_SELECTOR = YES;
				GCC_WARN_UNINITIALIZED_AUTOS = YES_AGGRESSIVE;
				GCC_WARN_UNUSED_FUNCTION = YES;
				GCC_WARN_UNUSED_VARIABLE = YES;
				MTL_ENABLE_DEBUG_INFO = NO;
				MTL_FAST_MATH = YES;
				SWIFT_COMPILATION_MODE = wholemodule;
				SWIFT_OPTIMIZATION_LEVEL = "-O";
				WATCHOS_DEPLOYMENT_TARGET = 9.1;
			};
			name = Release;
		};
		946F38A72AB079CA008CE9D1 /* Debug */ = {
			isa = XCBuildConfiguration;
			buildSettings = {
				ALWAYS_EMBED_SWIFT_STANDARD_LIBRARIES = YES;
				ASSETCATALOG_COMPILER_APPICON_NAME = AppIcon;
				ASSETCATALOG_COMPILER_GLOBAL_ACCENT_COLOR_NAME = AccentColor;
				CODE_SIGN_STYLE = Automatic;
				CURRENT_PROJECT_VERSION = 2;
				DEVELOPMENT_ASSET_PATHS = "\"WatchCloud Watch App/Config/Preview Content\"";
				DEVELOPMENT_TEAM = T6MXF72738;
				ENABLE_PREVIEWS = YES;
				GENERATE_INFOPLIST_FILE = YES;
				INFOPLIST_FILE = "WatchCloud Watch App/Config/WatchCloud-Watch-App-Info.plist";
				INFOPLIST_KEY_CFBundleDisplayName = WatchCloud;
				INFOPLIST_KEY_UISupportedInterfaceOrientations = "UIInterfaceOrientationPortrait UIInterfaceOrientationPortraitUpsideDown";
				INFOPLIST_KEY_WKWatchOnly = YES;
				LD_RUNPATH_SEARCH_PATHS = (
					"$(inherited)",
					"@executable_path/Frameworks",
				);
				MARKETING_VERSION = 1.0.1;
				PRODUCT_BUNDLE_IDENTIFIER = com.RyanDF.WatchCloud.watchkitapp;
				PRODUCT_NAME = "$(TARGET_NAME)";
				SDKROOT = watchos;
				SKIP_INSTALL = YES;
				SWIFT_EMIT_LOC_STRINGS = YES;
				SWIFT_VERSION = 5.0;
				TARGETED_DEVICE_FAMILY = 4;
				WATCHOS_DEPLOYMENT_TARGET = 9.1;
			};
			name = Debug;
		};
		946F38A82AB079CA008CE9D1 /* Release */ = {
			isa = XCBuildConfiguration;
			buildSettings = {
				ALWAYS_EMBED_SWIFT_STANDARD_LIBRARIES = YES;
				ASSETCATALOG_COMPILER_APPICON_NAME = AppIcon;
				ASSETCATALOG_COMPILER_GLOBAL_ACCENT_COLOR_NAME = AccentColor;
				CODE_SIGN_STYLE = Automatic;
				CURRENT_PROJECT_VERSION = 2;
				DEVELOPMENT_ASSET_PATHS = "\"WatchCloud Watch App/Config/Preview Content\"";
				DEVELOPMENT_TEAM = T6MXF72738;
				ENABLE_PREVIEWS = YES;
				GENERATE_INFOPLIST_FILE = YES;
				INFOPLIST_FILE = "WatchCloud Watch App/Config/WatchCloud-Watch-App-Info.plist";
				INFOPLIST_KEY_CFBundleDisplayName = WatchCloud;
				INFOPLIST_KEY_UISupportedInterfaceOrientations = "UIInterfaceOrientationPortrait UIInterfaceOrientationPortraitUpsideDown";
				INFOPLIST_KEY_WKWatchOnly = YES;
				LD_RUNPATH_SEARCH_PATHS = (
					"$(inherited)",
					"@executable_path/Frameworks",
				);
				MARKETING_VERSION = 1.0.1;
				PRODUCT_BUNDLE_IDENTIFIER = com.RyanDF.WatchCloud.watchkitapp;
				PRODUCT_NAME = "$(TARGET_NAME)";
				SDKROOT = watchos;
				SKIP_INSTALL = YES;
				SWIFT_EMIT_LOC_STRINGS = YES;
				SWIFT_VERSION = 5.0;
				TARGETED_DEVICE_FAMILY = 4;
				VALIDATE_PRODUCT = YES;
				WATCHOS_DEPLOYMENT_TARGET = 9.1;
			};
			name = Release;
		};
		946F38AB2AB079CA008CE9D1 /* Debug */ = {
			isa = XCBuildConfiguration;
			buildSettings = {
				ALWAYS_EMBED_SWIFT_STANDARD_LIBRARIES = YES;
				CODE_SIGN_STYLE = Automatic;
				CURRENT_PROJECT_VERSION = 2;
				DEVELOPMENT_TEAM = T6MXF72738;
				INFOPLIST_KEY_CFBundleDisplayName = WatchCloud;
				MARKETING_VERSION = 1.0.1;
				PRODUCT_BUNDLE_IDENTIFIER = com.RyanDF.WatchCloud;
				PRODUCT_NAME = "$(TARGET_NAME)";
				SDKROOT = iphoneos;
				SWIFT_VERSION = 5.0;
			};
			name = Debug;
		};
		946F38AC2AB079CA008CE9D1 /* Release */ = {
			isa = XCBuildConfiguration;
			buildSettings = {
				ALWAYS_EMBED_SWIFT_STANDARD_LIBRARIES = YES;
				CODE_SIGN_STYLE = Automatic;
				CURRENT_PROJECT_VERSION = 2;
				DEVELOPMENT_TEAM = T6MXF72738;
				INFOPLIST_KEY_CFBundleDisplayName = WatchCloud;
				MARKETING_VERSION = 1.0.1;
				PRODUCT_BUNDLE_IDENTIFIER = com.RyanDF.WatchCloud;
				PRODUCT_NAME = "$(TARGET_NAME)";
				SDKROOT = iphoneos;
				SWIFT_VERSION = 5.0;
				VALIDATE_PRODUCT = YES;
			};
			name = Release;
		};
		94B634472ABDFAFA00E6FCDA /* Debug */ = {
			isa = XCBuildConfiguration;
			buildSettings = {
				ASSETCATALOG_COMPILER_GENERATE_SWIFT_ASSET_SYMBOL_EXTENSIONS = YES;
				ASSETCATALOG_COMPILER_GLOBAL_ACCENT_COLOR_NAME = AccentColor;
				ASSETCATALOG_COMPILER_WIDGET_BACKGROUND_COLOR_NAME = WidgetBackground;
				CODE_SIGN_STYLE = Automatic;
				CURRENT_PROJECT_VERSION = 1;
				DEVELOPMENT_TEAM = T6MXF72738;
				ENABLE_USER_SCRIPT_SANDBOXING = YES;
				GCC_C_LANGUAGE_STANDARD = gnu17;
				GENERATE_INFOPLIST_FILE = YES;
				INFOPLIST_FILE = Complication/Info.plist;
				INFOPLIST_KEY_CFBundleDisplayName = Complication;
				INFOPLIST_KEY_NSHumanReadableCopyright = "";
				LD_RUNPATH_SEARCH_PATHS = (
					"$(inherited)",
					"@executable_path/Frameworks",
					"@executable_path/../../Frameworks",
					"@executable_path/../../../../Frameworks",
				);
				LOCALIZATION_PREFERS_STRING_CATALOGS = YES;
				MARKETING_VERSION = 1.0;
				PRODUCT_BUNDLE_IDENTIFIER = com.RyanDF.WatchCloud.watchkitapp.Comp;
				PRODUCT_NAME = "$(TARGET_NAME)";
				SDKROOT = watchos;
				SKIP_INSTALL = YES;
				SWIFT_ACTIVE_COMPILATION_CONDITIONS = "DEBUG $(inherited)";
				SWIFT_EMIT_LOC_STRINGS = YES;
				SWIFT_VERSION = 5.0;
				TARGETED_DEVICE_FAMILY = 4;
				WATCHOS_DEPLOYMENT_TARGET = 10.0;
			};
			name = Debug;
		};
		94B634482ABDFAFA00E6FCDA /* Release */ = {
			isa = XCBuildConfiguration;
			buildSettings = {
				ASSETCATALOG_COMPILER_GENERATE_SWIFT_ASSET_SYMBOL_EXTENSIONS = YES;
				ASSETCATALOG_COMPILER_GLOBAL_ACCENT_COLOR_NAME = AccentColor;
				ASSETCATALOG_COMPILER_WIDGET_BACKGROUND_COLOR_NAME = WidgetBackground;
				CODE_SIGN_STYLE = Automatic;
				CURRENT_PROJECT_VERSION = 1;
				DEVELOPMENT_TEAM = T6MXF72738;
				ENABLE_USER_SCRIPT_SANDBOXING = YES;
				GCC_C_LANGUAGE_STANDARD = gnu17;
				GENERATE_INFOPLIST_FILE = YES;
				INFOPLIST_FILE = Complication/Info.plist;
				INFOPLIST_KEY_CFBundleDisplayName = Complication;
				INFOPLIST_KEY_NSHumanReadableCopyright = "";
				LD_RUNPATH_SEARCH_PATHS = (
					"$(inherited)",
					"@executable_path/Frameworks",
					"@executable_path/../../Frameworks",
					"@executable_path/../../../../Frameworks",
				);
				LOCALIZATION_PREFERS_STRING_CATALOGS = YES;
				MARKETING_VERSION = 1.0;
				PRODUCT_BUNDLE_IDENTIFIER = com.RyanDF.WatchCloud.watchkitapp.Comp;
				PRODUCT_NAME = "$(TARGET_NAME)";
				SDKROOT = watchos;
				SKIP_INSTALL = YES;
				SWIFT_EMIT_LOC_STRINGS = YES;
				SWIFT_VERSION = 5.0;
				TARGETED_DEVICE_FAMILY = 4;
				VALIDATE_PRODUCT = YES;
				WATCHOS_DEPLOYMENT_TARGET = 10.0;
			};
			name = Release;
		};
/* End XCBuildConfiguration section */

/* Begin XCConfigurationList section */
		946F388D2AB079C9008CE9D1 /* Build configuration list for PBXProject "WatchCloud" */ = {
			isa = XCConfigurationList;
			buildConfigurations = (
				946F38A42AB079CA008CE9D1 /* Debug */,
				946F38A52AB079CA008CE9D1 /* Release */,
			);
			defaultConfigurationIsVisible = 0;
			defaultConfigurationName = Release;
		};
		946F38A62AB079CA008CE9D1 /* Build configuration list for PBXNativeTarget "WatchCloud Watch App" */ = {
			isa = XCConfigurationList;
			buildConfigurations = (
				946F38A72AB079CA008CE9D1 /* Debug */,
				946F38A82AB079CA008CE9D1 /* Release */,
			);
			defaultConfigurationIsVisible = 0;
			defaultConfigurationName = Release;
		};
		946F38AA2AB079CA008CE9D1 /* Build configuration list for PBXNativeTarget "WatchCloud" */ = {
			isa = XCConfigurationList;
			buildConfigurations = (
				946F38AB2AB079CA008CE9D1 /* Debug */,
				946F38AC2AB079CA008CE9D1 /* Release */,
			);
			defaultConfigurationIsVisible = 0;
			defaultConfigurationName = Release;
		};
		94B634462ABDFAFA00E6FCDA /* Build configuration list for PBXNativeTarget "ComplicationExtension" */ = {
			isa = XCConfigurationList;
			buildConfigurations = (
				94B634472ABDFAFA00E6FCDA /* Debug */,
				94B634482ABDFAFA00E6FCDA /* Release */,
			);
			defaultConfigurationIsVisible = 0;
			defaultConfigurationName = Release;
		};
/* End XCConfigurationList section */

/* Begin XCRemoteSwiftPackageReference section */
		94C1699E2AB474EE00570B4F /* XCRemoteSwiftPackageReference "Nuke" */ = {
			isa = XCRemoteSwiftPackageReference;
			repositoryURL = "https://github.com/kean/Nuke";
			requirement = {
				kind = upToNextMajorVersion;
				minimumVersion = 12.0.0;
			};
		};
/* End XCRemoteSwiftPackageReference section */

/* Begin XCSwiftPackageProductDependency section */
		946F38B02AB07A2E008CE9D1 /* SoundCloud */ = {
			isa = XCSwiftPackageProductDependency;
			productName = SoundCloud;
		};
		94C1699F2AB474EE00570B4F /* Nuke */ = {
			isa = XCSwiftPackageProductDependency;
			package = 94C1699E2AB474EE00570B4F /* XCRemoteSwiftPackageReference "Nuke" */;
			productName = Nuke;
		};
		94C169A12AB474EE00570B4F /* NukeUI */ = {
			isa = XCSwiftPackageProductDependency;
			package = 94C1699E2AB474EE00570B4F /* XCRemoteSwiftPackageReference "Nuke" */;
			productName = NukeUI;
		};
/* End XCSwiftPackageProductDependency section */
	};
	rootObject = 946F388A2AB079C9008CE9D1 /* Project object */;
}
