// !$*UTF8*$!
{
	archiveVersion = 1;
	classes = {
	};
	objectVersion = 56;
	objects = {

/* Begin PBXBuildFile section */
		941687192B1CBD6100A62407 /* Text.swift in Sources */ = {isa = PBXBuildFile; fileRef = 941687182B1CBD6100A62407 /* Text.swift */; };
		9416871B2B1CD13300A62407 /* ColorScheme.swift in Sources */ = {isa = PBXBuildFile; fileRef = 9416871A2B1CD13300A62407 /* ColorScheme.swift */; };
		941A00EB2AC304B6000F4693 /* NewPlayerView.swift in Sources */ = {isa = PBXBuildFile; fileRef = 941A00EA2AC304B6000F4693 /* NewPlayerView.swift */; };
		941A00F82AC70CEE000F4693 /* CachedImageView.swift in Sources */ = {isa = PBXBuildFile; fileRef = 941A00F72AC70CEE000F4693 /* CachedImageView.swift */; };
		9421D29F2ACE2A90005FE857 /* PlaylistListView.swift in Sources */ = {isa = PBXBuildFile; fileRef = 9421D29E2ACE2A90005FE857 /* PlaylistListView.swift */; };
		9421D2A12ACED420005FE857 /* Device.swift in Sources */ = {isa = PBXBuildFile; fileRef = 9421D2A02ACED420005FE857 /* Device.swift */; };
		9421D2A32ACED4FE005FE857 /* CGRect.swift in Sources */ = {isa = PBXBuildFile; fileRef = 9421D2A22ACED4FE005FE857 /* CGRect.swift */; };
		9421D2A92ACF5B59005FE857 /* PlaylistCellView.swift in Sources */ = {isa = PBXBuildFile; fileRef = 9421D2A82ACF5B59005FE857 /* PlaylistCellView.swift */; };
		9421D2AD2AD17834005FE857 /* PlaylistSummaryView.swift in Sources */ = {isa = PBXBuildFile; fileRef = 9421D2AC2AD17834005FE857 /* PlaylistSummaryView.swift */; };
		9421D2AF2AD2D151005FE857 /* Optional.swift in Sources */ = {isa = PBXBuildFile; fileRef = 9421D2AE2AD2D151005FE857 /* Optional.swift */; };
		9421D2B52AD2FB67005FE857 /* Mixpanel in Frameworks */ = {isa = PBXBuildFile; productRef = 9421D2B42AD2FB67005FE857 /* Mixpanel */; };
		9421D2BA2AD34CC9005FE857 /* MixpanelAnalyticsService.swift in Sources */ = {isa = PBXBuildFile; fileRef = 9421D2B92AD34CC9005FE857 /* MixpanelAnalyticsService.swift */; };
		9421D2BC2AD34E88005FE857 /* AnalyticsEvent.swift in Sources */ = {isa = PBXBuildFile; fileRef = 9421D2BB2AD34E88005FE857 /* AnalyticsEvent.swift */; };
		9421D2BE2AD34FFC005FE857 /* AnalyticsManager.swift in Sources */ = {isa = PBXBuildFile; fileRef = 9421D2BD2AD34FFC005FE857 /* AnalyticsManager.swift */; };
		943477BC2AD3E1CA00A6DED6 /* DebugAnalyticsService.swift in Sources */ = {isa = PBXBuildFile; fileRef = 943477BB2AD3E1CA00A6DED6 /* DebugAnalyticsService.swift */; };
		943477BF2AD421E200A6DED6 /* CaptchaNotAppearingTip.swift in Sources */ = {isa = PBXBuildFile; fileRef = 943477BE2AD421E200A6DED6 /* CaptchaNotAppearingTip.swift */; };
		943477CC2AD5FF0500A6DED6 /* LoginView - S945.png in Resources */ = {isa = PBXBuildFile; fileRef = 943477CB2AD5FF0500A6DED6 /* LoginView - S945.png */; };
		943670C72AEBE13D007E4973 /* SoundCloudAPI.swift in Sources */ = {isa = PBXBuildFile; fileRef = 943670C62AEBE13D007E4973 /* SoundCloudAPI.swift */; };
		943756CF2ACDA02500C84006 /* SearchView.swift in Sources */ = {isa = PBXBuildFile; fileRef = 943756CE2ACDA02500C84006 /* SearchView.swift */; };
		9446C5FB2ABDA57E00BCE5DF /* Localizable.xcstrings in Resources */ = {isa = PBXBuildFile; fileRef = 9446C5FA2ABDA57E00BCE5DF /* Localizable.xcstrings */; };
		94474B612AF273B800BEA5F0 /* SearchStore_Tests.swift in Sources */ = {isa = PBXBuildFile; fileRef = 94474B602AF273B800BEA5F0 /* SearchStore_Tests.swift */; };
		94474B642AF2779100BEA5F0 /* MockSoundCloud.swift in Sources */ = {isa = PBXBuildFile; fileRef = 94474B632AF2779100BEA5F0 /* MockSoundCloud.swift */; };
		94474B662AF280E300BEA5F0 /* MockDAO.swift in Sources */ = {isa = PBXBuildFile; fileRef = 94474B652AF280E200BEA5F0 /* MockDAO.swift */; };
		94474B6D2AFF9FC200BEA5F0 /* AuthStore_Tests.swift in Sources */ = {isa = PBXBuildFile; fileRef = 94474B6C2AFF9FC200BEA5F0 /* AuthStore_Tests.swift */; };
		9448FF4B2AB31308003D63F1 /* CompositionRoot.swift in Sources */ = {isa = PBXBuildFile; fileRef = 9448FF4A2AB31308003D63F1 /* CompositionRoot.swift */; };
		9448FF4D2AB343D7003D63F1 /* WatchKit.swift in Sources */ = {isa = PBXBuildFile; fileRef = 9448FF4C2AB343D7003D63F1 /* WatchKit.swift */; };
		9448FF4F2AB34F0A003D63F1 /* VolumeCircleView.swift in Sources */ = {isa = PBXBuildFile; fileRef = 9448FF4E2AB34F0A003D63F1 /* VolumeCircleView.swift */; };
		945C22662B00EBE7008A5E39 /* UserStore_Tests.swift in Sources */ = {isa = PBXBuildFile; fileRef = 945C22652B00EBE7008A5E39 /* UserStore_Tests.swift */; };
		945C22692B010F33008A5E39 /* AudioStore_Tests.swift in Sources */ = {isa = PBXBuildFile; fileRef = 945C22682B010F33008A5E39 /* AudioStore_Tests.swift */; };
		945C226B2B025F49008A5E39 /* AppLauncher.swift in Sources */ = {isa = PBXBuildFile; fileRef = 945C226A2B025F49008A5E39 /* AppLauncher.swift */; };
		945CCB5F2AB383D500C47E55 /* SwiftUI Preview.swift in Sources */ = {isa = PBXBuildFile; fileRef = 945CCB5E2AB383D500C47E55 /* SwiftUI Preview.swift */; };
		946F38A02AB079CA008CE9D1 /* Assets.xcassets in Resources */ = {isa = PBXBuildFile; fileRef = 946F389F2AB079CA008CE9D1 /* Assets.xcassets */; };
		946F38A32AB079CA008CE9D1 /* Preview Assets.xcassets in Resources */ = {isa = PBXBuildFile; fileRef = 946F38A22AB079CA008CE9D1 /* Preview Assets.xcassets */; };
		946F38B12AB07A2E008CE9D1 /* SoundCloud in Frameworks */ = {isa = PBXBuildFile; productRef = 946F38B02AB07A2E008CE9D1 /* SoundCloud */; };
		946F38CD2AB07F81008CE9D1 /* View.swift in Sources */ = {isa = PBXBuildFile; fileRef = 946F38B72AB07F81008CE9D1 /* View.swift */; };
		946F38D02AB07F81008CE9D1 /* Config.swift in Sources */ = {isa = PBXBuildFile; fileRef = 946F38BA2AB07F81008CE9D1 /* Config.swift */; };
		946F38D12AB07F81008CE9D1 /* Image.swift in Sources */ = {isa = PBXBuildFile; fileRef = 946F38BB2AB07F81008CE9D1 /* Image.swift */; };
		946F38D22AB07F81008CE9D1 /* Haptics.swift in Sources */ = {isa = PBXBuildFile; fileRef = 946F38BC2AB07F81008CE9D1 /* Haptics.swift */; };
		946F38D32AB07F81008CE9D1 /* SpinAnimation.swift in Sources */ = {isa = PBXBuildFile; fileRef = 946F38BD2AB07F81008CE9D1 /* SpinAnimation.swift */; };
		946F38D42AB07F81008CE9D1 /* MarqueeText.swift in Sources */ = {isa = PBXBuildFile; fileRef = 946F38BE2AB07F81008CE9D1 /* MarqueeText.swift */; };
		946F38D52AB07F81008CE9D1 /* LinearGradientProgressViewStyle.swift in Sources */ = {isa = PBXBuildFile; fileRef = 946F38BF2AB07F81008CE9D1 /* LinearGradientProgressViewStyle.swift */; };
		946F38D62AB07F81008CE9D1 /* DownloadsView.swift in Sources */ = {isa = PBXBuildFile; fileRef = 946F38C12AB07F81008CE9D1 /* DownloadsView.swift */; };
		946F38D72AB07F81008CE9D1 /* CurrentUserView.swift in Sources */ = {isa = PBXBuildFile; fileRef = 946F38C22AB07F81008CE9D1 /* CurrentUserView.swift */; };
		946F38D82AB07F81008CE9D1 /* PlayerOptionsView.swift in Sources */ = {isa = PBXBuildFile; fileRef = 946F38C32AB07F81008CE9D1 /* PlayerOptionsView.swift */; };
		946F38D92AB07F81008CE9D1 /* PlaylistView.swift in Sources */ = {isa = PBXBuildFile; fileRef = 946F38C42AB07F81008CE9D1 /* PlaylistView.swift */; };
		946F38DA2AB07F81008CE9D1 /* SettingsView.swift in Sources */ = {isa = PBXBuildFile; fileRef = 946F38C52AB07F81008CE9D1 /* SettingsView.swift */; };
		946F38DB2AB07F81008CE9D1 /* LoginView.swift in Sources */ = {isa = PBXBuildFile; fileRef = 946F38C62AB07F81008CE9D1 /* LoginView.swift */; };
		946F38DC2AB07F81008CE9D1 /* TrackCellView.swift in Sources */ = {isa = PBXBuildFile; fileRef = 946F38C72AB07F81008CE9D1 /* TrackCellView.swift */; };
		946F38DD2AB07F81008CE9D1 /* RootView.swift in Sources */ = {isa = PBXBuildFile; fileRef = 946F38C82AB07F81008CE9D1 /* RootView.swift */; };
		946F38DE2AB07F81008CE9D1 /* LibraryView.swift in Sources */ = {isa = PBXBuildFile; fileRef = 946F38C92AB07F81008CE9D1 /* LibraryView.swift */; };
		946F38DF2AB07F81008CE9D1 /* PlayerView.swift in Sources */ = {isa = PBXBuildFile; fileRef = 946F38CA2AB07F81008CE9D1 /* PlayerView.swift */; };
		946F38E02AB07F81008CE9D1 /* AudioPlayer.swift in Sources */ = {isa = PBXBuildFile; fileRef = 946F38CB2AB07F81008CE9D1 /* AudioPlayer.swift */; };
		946F38E12AB07F81008CE9D1 /* App.swift in Sources */ = {isa = PBXBuildFile; fileRef = 946F38CC2AB07F81008CE9D1 /* App.swift */; };
		947400C22B1DF89A00C5BF64 /* Device.swift in Sources */ = {isa = PBXBuildFile; fileRef = 947400C12B1DF89A00C5BF64 /* Device.swift */; };
		947400C32B1E0FA200C5BF64 /* PoweredBySCView.swift in Sources */ = {isa = PBXBuildFile; fileRef = 94923C6A2ABDB5A300A67EBE /* PoweredBySCView.swift */; };
		947F59992B0A80E900741C53 /* Notification.swift in Sources */ = {isa = PBXBuildFile; fileRef = 947F59982B0A80E900741C53 /* Notification.swift */; };
		947F599B2B0A838500741C53 /* Color.swift in Sources */ = {isa = PBXBuildFile; fileRef = 947F599A2B0A838500741C53 /* Color.swift */; };
		9488EE612AE013D40009EC54 /* UserStore.swift in Sources */ = {isa = PBXBuildFile; fileRef = 9488EE602AE013D40009EC54 /* UserStore.swift */; };
		9488EE652AE026140009EC54 /* AudioStore.swift in Sources */ = {isa = PBXBuildFile; fileRef = 9488EE642AE026140009EC54 /* AudioStore.swift */; };
		9488EE672AE33C260009EC54 /* Logger.swift in Sources */ = {isa = PBXBuildFile; fileRef = 9488EE662AE33C260009EC54 /* Logger.swift */; };
		9488EE692AE3E2380009EC54 /* AuthStore.swift in Sources */ = {isa = PBXBuildFile; fileRef = 9488EE682AE3E2380009EC54 /* AuthStore.swift */; };
		9488EE6C2AE3E5D00009EC54 /* LoginService.swift in Sources */ = {isa = PBXBuildFile; fileRef = 9488EE6B2AE3E5D00009EC54 /* LoginService.swift */; };
		9488EE6E2AE40EA80009EC54 /* QRCodeImageView.swift in Sources */ = {isa = PBXBuildFile; fileRef = 9488EE6D2AE40EA80009EC54 /* QRCodeImageView.swift */; };
		9488EE732AE410AE0009EC54 /* QRCode in Frameworks */ = {isa = PBXBuildFile; productRef = 9488EE722AE410AE0009EC54 /* QRCode */; };
		9488EE7A2AE42FBE0009EC54 /* SearchStore.swift in Sources */ = {isa = PBXBuildFile; fileRef = 9488EE792AE42FBE0009EC54 /* SearchStore.swift */; };
		9488EE7F2AE43C970009EC54 /* SearchEntry.swift in Sources */ = {isa = PBXBuildFile; fileRef = 9488EE7E2AE43C970009EC54 /* SearchEntry.swift */; };
		94923C6B2ABDB5A300A67EBE /* PoweredBySCView.swift in Sources */ = {isa = PBXBuildFile; fileRef = 94923C6A2ABDB5A300A67EBE /* PoweredBySCView.swift */; };
		94923C6D2ABDBB2C00A67EBE /* String.swift in Sources */ = {isa = PBXBuildFile; fileRef = 94923C6C2ABDBB2C00A67EBE /* String.swift */; };
		94923C6F2ABDBBD500A67EBE /* Numbers.swift in Sources */ = {isa = PBXBuildFile; fileRef = 94923C6E2ABDBBD500A67EBE /* Numbers.swift */; };
		94A31B352AB517410052A922 /* CaseIterable.swift in Sources */ = {isa = PBXBuildFile; fileRef = 94A31B342AB517410052A922 /* CaseIterable.swift */; };
		94B6343B2ABDFAF900E6FCDA /* WidgetKit.framework in Frameworks */ = {isa = PBXBuildFile; fileRef = 946F38E72AB08470008CE9D1 /* WidgetKit.framework */; };
		94B6343C2ABDFAF900E6FCDA /* SwiftUI.framework in Frameworks */ = {isa = PBXBuildFile; fileRef = 946F38E92AB08470008CE9D1 /* SwiftUI.framework */; };
		94B6343F2ABDFAF900E6FCDA /* Complication.swift in Sources */ = {isa = PBXBuildFile; fileRef = 94B6343E2ABDFAF900E6FCDA /* Complication.swift */; };
		94B634412ABDFAFA00E6FCDA /* Assets.xcassets in Resources */ = {isa = PBXBuildFile; fileRef = 94B634402ABDFAFA00E6FCDA /* Assets.xcassets */; };
		94B634452ABDFAFA00E6FCDA /* ComplicationExtension.appex in Embed Foundation Extensions */ = {isa = PBXBuildFile; fileRef = 94B6343A2ABDFAF900E6FCDA /* ComplicationExtension.appex */; settings = {ATTRIBUTES = (RemoveHeadersOnCopy, ); }; };
		94B8BB122B18CA7800BEB53B /* App.swift in Sources */ = {isa = PBXBuildFile; fileRef = 94B8BB112B18CA7800BEB53B /* App.swift */; };
		94B8BB142B18CA7800BEB53B /* RootView.swift in Sources */ = {isa = PBXBuildFile; fileRef = 94B8BB132B18CA7800BEB53B /* RootView.swift */; };
		94B8BB162B18CA7900BEB53B /* Assets.xcassets in Resources */ = {isa = PBXBuildFile; fileRef = 94B8BB152B18CA7900BEB53B /* Assets.xcassets */; };
		94B8BB192B18CA7900BEB53B /* Preview Assets.xcassets in Resources */ = {isa = PBXBuildFile; fileRef = 94B8BB182B18CA7900BEB53B /* Preview Assets.xcassets */; };
		94BD056E2B0B964300C3DA89 /* NowPlayingInfo.swift in Sources */ = {isa = PBXBuildFile; fileRef = 94BD056D2B0B964300C3DA89 /* NowPlayingInfo.swift */; };
		94C169A02AB474EE00570B4F /* Nuke in Frameworks */ = {isa = PBXBuildFile; productRef = 94C1699F2AB474EE00570B4F /* Nuke */; };
		94C169A22AB474EE00570B4F /* NukeUI in Frameworks */ = {isa = PBXBuildFile; productRef = 94C169A12AB474EE00570B4F /* NukeUI */; };
		94D4951D2B0F74720013A2D9 /* ImagePipeline.swift in Sources */ = {isa = PBXBuildFile; fileRef = 94D4951C2B0F74720013A2D9 /* ImagePipeline.swift */; };
		94D4951F2B1212280013A2D9 /* ShortAndLongTapButton.swift in Sources */ = {isa = PBXBuildFile; fileRef = 94D4951E2B1212280013A2D9 /* ShortAndLongTapButton.swift */; };
		94D495212B1396D00013A2D9 /* PathMonitor.swift in Sources */ = {isa = PBXBuildFile; fileRef = 94D495202B1396D00013A2D9 /* PathMonitor.swift */; };
		94E44C152B1BC46000ACF29B /* AboutView.swift in Sources */ = {isa = PBXBuildFile; fileRef = 94E44C142B1BC46000ACF29B /* AboutView.swift */; };
		94E44C162B1BCC8400ACF29B /* Color.swift in Sources */ = {isa = PBXBuildFile; fileRef = 947F599A2B0A838500741C53 /* Color.swift */; };
		94E44C192B1BDE3B00ACF29B /* List.swift in Sources */ = {isa = PBXBuildFile; fileRef = 94E44C182B1BDE3B00ACF29B /* List.swift */; };
		94EE88962B18E12E00486B15 /* WCPhoneSessionHandler.swift in Sources */ = {isa = PBXBuildFile; fileRef = 94EE88952B18E12E00486B15 /* WCPhoneSessionHandler.swift */; };
		94EE88982B18E72900486B15 /* WCWatchSessionHandler.swift in Sources */ = {isa = PBXBuildFile; fileRef = 94EE88972B18E72900486B15 /* WCWatchSessionHandler.swift */; };
		94EE889D2B18EADC00486B15 /* WatchCloud Watch App.app in Embed Watch Content */ = {isa = PBXBuildFile; fileRef = 946F38962AB079C9008CE9D1 /* WatchCloud Watch App.app */; settings = {ATTRIBUTES = (RemoveHeadersOnCopy, ); }; };
		94EE88A22B18F00E00486B15 /* SoundCloud in Frameworks */ = {isa = PBXBuildFile; productRef = 94EE88A12B18F00E00486B15 /* SoundCloud */; };
		94EE88A42B19018E00486B15 /* Localizable.xcstrings in Resources */ = {isa = PBXBuildFile; fileRef = 94EE88A32B19018E00486B15 /* Localizable.xcstrings */; };
		94EE88B92B190CFA00486B15 /* Config.xcconfig in Resources */ = {isa = PBXBuildFile; fileRef = 94EE88B82B190CFA00486B15 /* Config.xcconfig */; };
		94EE88BF2B190FCC00486B15 /* AuthStore.swift in Sources */ = {isa = PBXBuildFile; fileRef = 9488EE682AE3E2380009EC54 /* AuthStore.swift */; };
		94EE88C02B190FE200486B15 /* LoginService.swift in Sources */ = {isa = PBXBuildFile; fileRef = 9488EE6B2AE3E5D00009EC54 /* LoginService.swift */; };
		94EE88C12B190FF800486B15 /* Config.swift in Sources */ = {isa = PBXBuildFile; fileRef = 946F38BA2AB07F81008CE9D1 /* Config.swift */; };
		94EE88C42B195A7000486B15 /* Logger.swift in Sources */ = {isa = PBXBuildFile; fileRef = 94EE88C32B195A7000486B15 /* Logger.swift */; };
		94EE88C52B1B3F3200486B15 /* View.swift in Sources */ = {isa = PBXBuildFile; fileRef = 946F38B72AB07F81008CE9D1 /* View.swift */; };
		94EE88C72B1B3FFF00486B15 /* LoginButton.swift in Sources */ = {isa = PBXBuildFile; fileRef = 94EE88C62B1B3FFF00486B15 /* LoginButton.swift */; };
		94EE88C82B1B3FFF00486B15 /* LoginButton.swift in Sources */ = {isa = PBXBuildFile; fileRef = 94EE88C62B1B3FFF00486B15 /* LoginButton.swift */; };
		94FAA18A2ACB319600EF97CE /* UserListView.swift in Sources */ = {isa = PBXBuildFile; fileRef = 94FAA1892ACB319600EF97CE /* UserListView.swift */; };
		94FAA18C2ACB3B4200EF97CE /* UserCellView.swift in Sources */ = {isa = PBXBuildFile; fileRef = 94FAA18B2ACB3B4200EF97CE /* UserCellView.swift */; };
		94FAA1D02ACC273600EF97CE /* UserDetailView.swift in Sources */ = {isa = PBXBuildFile; fileRef = 94FAA1CF2ACC273600EF97CE /* UserDetailView.swift */; };
/* End PBXBuildFile section */

/* Begin PBXContainerItemProxy section */
		94474B5A2AF2723E00BEA5F0 /* PBXContainerItemProxy */ = {
			isa = PBXContainerItemProxy;
			containerPortal = 946F388A2AB079C9008CE9D1 /* Project object */;
			proxyType = 1;
			remoteGlobalIDString = 946F38952AB079C9008CE9D1;
			remoteInfo = "WatchCloud Watch App";
		};
		94B634432ABDFAFA00E6FCDA /* PBXContainerItemProxy */ = {
			isa = PBXContainerItemProxy;
			containerPortal = 946F388A2AB079C9008CE9D1 /* Project object */;
			proxyType = 1;
			remoteGlobalIDString = 94B634392ABDFAF900E6FCDA;
			remoteInfo = ComplicationExtension;
		};
		94EE889E2B18EADC00486B15 /* PBXContainerItemProxy */ = {
			isa = PBXContainerItemProxy;
			containerPortal = 946F388A2AB079C9008CE9D1 /* Project object */;
			proxyType = 1;
			remoteGlobalIDString = 946F38952AB079C9008CE9D1;
			remoteInfo = "WatchCloud Watch App";
		};
/* End PBXContainerItemProxy section */

/* Begin PBXCopyFilesBuildPhase section */
		946F38F72AB08471008CE9D1 /* Embed Foundation Extensions */ = {
			isa = PBXCopyFilesBuildPhase;
			buildActionMask = 2147483647;
			dstPath = "";
			dstSubfolderSpec = 13;
			files = (
				94B634452ABDFAFA00E6FCDA /* ComplicationExtension.appex in Embed Foundation Extensions */,
			);
			name = "Embed Foundation Extensions";
			runOnlyForDeploymentPostprocessing = 0;
		};
		94EE88A02B18EADC00486B15 /* Embed Watch Content */ = {
			isa = PBXCopyFilesBuildPhase;
			buildActionMask = 2147483647;
			dstPath = "$(CONTENTS_FOLDER_PATH)/Watch";
			dstSubfolderSpec = 16;
			files = (
				94EE889D2B18EADC00486B15 /* WatchCloud Watch App.app in Embed Watch Content */,
			);
			name = "Embed Watch Content";
			runOnlyForDeploymentPostprocessing = 0;
		};
/* End PBXCopyFilesBuildPhase section */

/* Begin PBXFileReference section */
		941687182B1CBD6100A62407 /* Text.swift */ = {isa = PBXFileReference; lastKnownFileType = sourcecode.swift; path = Text.swift; sourceTree = "<group>"; };
		9416871A2B1CD13300A62407 /* ColorScheme.swift */ = {isa = PBXFileReference; lastKnownFileType = sourcecode.swift; path = ColorScheme.swift; sourceTree = "<group>"; };
		941A00EA2AC304B6000F4693 /* NewPlayerView.swift */ = {isa = PBXFileReference; lastKnownFileType = sourcecode.swift; path = NewPlayerView.swift; sourceTree = "<group>"; };
		941A00ED2AC44793000F4693 /* Player - S945.png */ = {isa = PBXFileReference; lastKnownFileType = image.png; path = "Player - S945.png"; sourceTree = "<group>"; };
		941A00EE2AC44793000F4693 /* Player Options - S945.png */ = {isa = PBXFileReference; lastKnownFileType = image.png; path = "Player Options - S945.png"; sourceTree = "<group>"; };
		941A00EF2AC44793000F4693 /* Login - S945.png */ = {isa = PBXFileReference; lastKnownFileType = image.png; path = "Login - S945.png"; sourceTree = "<group>"; };
		941A00F02AC44793000F4693 /* Library - S945.png */ = {isa = PBXFileReference; lastKnownFileType = image.png; path = "Library - S945.png"; sourceTree = "<group>"; };
		941A00F12AC44793000F4693 /* Playlist Summary - S945.png */ = {isa = PBXFileReference; lastKnownFileType = image.png; path = "Playlist Summary - S945.png"; sourceTree = "<group>"; };
		941A00F22AC44793000F4693 /* Playlist Tracks - S945.png */ = {isa = PBXFileReference; lastKnownFileType = image.png; path = "Playlist Tracks - S945.png"; sourceTree = "<group>"; };
		941A00F72AC70CEE000F4693 /* CachedImageView.swift */ = {isa = PBXFileReference; lastKnownFileType = sourcecode.swift; path = CachedImageView.swift; sourceTree = "<group>"; };
		941F792F2B239A4B0009DF8C /* iOS AboutView - 15Pro.png */ = {isa = PBXFileReference; lastKnownFileType = image.png; path = "iOS AboutView - 15Pro.png"; sourceTree = "<group>"; };
		941F79302B239A4B0009DF8C /* iOS RootView - 15Pro.png */ = {isa = PBXFileReference; lastKnownFileType = image.png; path = "iOS RootView - 15Pro.png"; sourceTree = "<group>"; };
		9421D29E2ACE2A90005FE857 /* PlaylistListView.swift */ = {isa = PBXFileReference; lastKnownFileType = sourcecode.swift; path = PlaylistListView.swift; sourceTree = "<group>"; };
		9421D2A02ACED420005FE857 /* Device.swift */ = {isa = PBXFileReference; lastKnownFileType = sourcecode.swift; path = Device.swift; sourceTree = "<group>"; };
		9421D2A22ACED4FE005FE857 /* CGRect.swift */ = {isa = PBXFileReference; lastKnownFileType = sourcecode.swift; path = CGRect.swift; sourceTree = "<group>"; };
		9421D2A82ACF5B59005FE857 /* PlaylistCellView.swift */ = {isa = PBXFileReference; fileEncoding = 4; lastKnownFileType = sourcecode.swift; path = PlaylistCellView.swift; sourceTree = "<group>"; };
		9421D2AC2AD17834005FE857 /* PlaylistSummaryView.swift */ = {isa = PBXFileReference; lastKnownFileType = sourcecode.swift; path = PlaylistSummaryView.swift; sourceTree = "<group>"; };
		9421D2AE2AD2D151005FE857 /* Optional.swift */ = {isa = PBXFileReference; lastKnownFileType = sourcecode.swift; path = Optional.swift; sourceTree = "<group>"; };
		9421D2B92AD34CC9005FE857 /* MixpanelAnalyticsService.swift */ = {isa = PBXFileReference; lastKnownFileType = sourcecode.swift; path = MixpanelAnalyticsService.swift; sourceTree = "<group>"; };
		9421D2BB2AD34E88005FE857 /* AnalyticsEvent.swift */ = {isa = PBXFileReference; lastKnownFileType = sourcecode.swift; path = AnalyticsEvent.swift; sourceTree = "<group>"; };
		9421D2BD2AD34FFC005FE857 /* AnalyticsManager.swift */ = {isa = PBXFileReference; lastKnownFileType = sourcecode.swift; path = AnalyticsManager.swift; sourceTree = "<group>"; };
		943477BB2AD3E1CA00A6DED6 /* DebugAnalyticsService.swift */ = {isa = PBXFileReference; lastKnownFileType = sourcecode.swift; path = DebugAnalyticsService.swift; sourceTree = "<group>"; };
		943477BE2AD421E200A6DED6 /* CaptchaNotAppearingTip.swift */ = {isa = PBXFileReference; lastKnownFileType = sourcecode.swift; path = CaptchaNotAppearingTip.swift; sourceTree = "<group>"; };
		943477C22AD5FC7700A6DED6 /* UserListView - S945.png */ = {isa = PBXFileReference; lastKnownFileType = image.png; path = "UserListView - S945.png"; sourceTree = "<group>"; };
		943477C32AD5FC7700A6DED6 /* PlayerOptionsView - S945.png */ = {isa = PBXFileReference; lastKnownFileType = image.png; path = "PlayerOptionsView - S945.png"; sourceTree = "<group>"; };
		943477C42AD5FC7700A6DED6 /* SearchView - S945.png */ = {isa = PBXFileReference; lastKnownFileType = image.png; path = "SearchView - S945.png"; sourceTree = "<group>"; };
		943477C52AD5FC7700A6DED6 /* PlaylistView - S945.png */ = {isa = PBXFileReference; lastKnownFileType = image.png; path = "PlaylistView - S945.png"; sourceTree = "<group>"; };
		943477C62AD5FC7700A6DED6 /* Liked Playlists - S945.png */ = {isa = PBXFileReference; lastKnownFileType = image.png; path = "Liked Playlists - S945.png"; sourceTree = "<group>"; };
		943477C72AD5FC7700A6DED6 /* LibraryView - S945.png */ = {isa = PBXFileReference; lastKnownFileType = image.png; path = "LibraryView - S945.png"; sourceTree = "<group>"; };
		943477C82AD5FC7700A6DED6 /* PlayerView - S945.png */ = {isa = PBXFileReference; lastKnownFileType = image.png; path = "PlayerView - S945.png"; sourceTree = "<group>"; };
		943477C92AD5FC7700A6DED6 /* UserDetailView Top Tracks - S945.png */ = {isa = PBXFileReference; lastKnownFileType = image.png; path = "UserDetailView Top Tracks - S945.png"; sourceTree = "<group>"; };
		943477CA2AD5FC7800A6DED6 /* UserDetailView - S945.png */ = {isa = PBXFileReference; lastKnownFileType = image.png; path = "UserDetailView - S945.png"; sourceTree = "<group>"; };
		943477CB2AD5FF0500A6DED6 /* LoginView - S945.png */ = {isa = PBXFileReference; lastKnownFileType = image.png; path = "LoginView - S945.png"; sourceTree = "<group>"; };
		943670C62AEBE13D007E4973 /* SoundCloudAPI.swift */ = {isa = PBXFileReference; fileEncoding = 4; lastKnownFileType = sourcecode.swift; path = SoundCloudAPI.swift; sourceTree = "<group>"; };
		943756CE2ACDA02500C84006 /* SearchView.swift */ = {isa = PBXFileReference; lastKnownFileType = sourcecode.swift; path = SearchView.swift; sourceTree = "<group>"; };
		9446C5FA2ABDA57E00BCE5DF /* Localizable.xcstrings */ = {isa = PBXFileReference; lastKnownFileType = text.json.xcstrings; path = Localizable.xcstrings; sourceTree = "<group>"; };
		94474B562AF2723E00BEA5F0 /* Unit Tests.xctest */ = {isa = PBXFileReference; explicitFileType = wrapper.cfbundle; includeInIndex = 0; path = "Unit Tests.xctest"; sourceTree = BUILT_PRODUCTS_DIR; };
		94474B602AF273B800BEA5F0 /* SearchStore_Tests.swift */ = {isa = PBXFileReference; lastKnownFileType = sourcecode.swift; path = SearchStore_Tests.swift; sourceTree = "<group>"; };
		94474B632AF2779100BEA5F0 /* MockSoundCloud.swift */ = {isa = PBXFileReference; lastKnownFileType = sourcecode.swift; path = MockSoundCloud.swift; sourceTree = "<group>"; };
		94474B652AF280E200BEA5F0 /* MockDAO.swift */ = {isa = PBXFileReference; lastKnownFileType = sourcecode.swift; path = MockDAO.swift; sourceTree = "<group>"; };
		94474B6C2AFF9FC200BEA5F0 /* AuthStore_Tests.swift */ = {isa = PBXFileReference; lastKnownFileType = sourcecode.swift; path = AuthStore_Tests.swift; sourceTree = "<group>"; };
		9448FF4A2AB31308003D63F1 /* CompositionRoot.swift */ = {isa = PBXFileReference; lastKnownFileType = sourcecode.swift; path = CompositionRoot.swift; sourceTree = "<group>"; };
		9448FF4C2AB343D7003D63F1 /* WatchKit.swift */ = {isa = PBXFileReference; lastKnownFileType = sourcecode.swift; path = WatchKit.swift; sourceTree = "<group>"; };
		9448FF4E2AB34F0A003D63F1 /* VolumeCircleView.swift */ = {isa = PBXFileReference; lastKnownFileType = sourcecode.swift; path = VolumeCircleView.swift; sourceTree = "<group>"; };
		945C22652B00EBE7008A5E39 /* UserStore_Tests.swift */ = {isa = PBXFileReference; lastKnownFileType = sourcecode.swift; path = UserStore_Tests.swift; sourceTree = "<group>"; };
		945C22672B010198008A5E39 /* Test Plan.xctestplan */ = {isa = PBXFileReference; lastKnownFileType = text; path = "Test Plan.xctestplan"; sourceTree = "<group>"; };
		945C22682B010F33008A5E39 /* AudioStore_Tests.swift */ = {isa = PBXFileReference; lastKnownFileType = sourcecode.swift; path = AudioStore_Tests.swift; sourceTree = "<group>"; };
		945C226A2B025F49008A5E39 /* AppLauncher.swift */ = {isa = PBXFileReference; lastKnownFileType = sourcecode.swift; path = AppLauncher.swift; sourceTree = "<group>"; };
		945CCB5E2AB383D500C47E55 /* SwiftUI Preview.swift */ = {isa = PBXFileReference; lastKnownFileType = sourcecode.swift; path = "SwiftUI Preview.swift"; sourceTree = "<group>"; };
		946F38962AB079C9008CE9D1 /* WatchCloud Watch App.app */ = {isa = PBXFileReference; explicitFileType = wrapper.application; includeInIndex = 0; path = "WatchCloud Watch App.app"; sourceTree = BUILT_PRODUCTS_DIR; };
		946F389F2AB079CA008CE9D1 /* Assets.xcassets */ = {isa = PBXFileReference; lastKnownFileType = folder.assetcatalog; path = Assets.xcassets; sourceTree = "<group>"; };
		946F38A22AB079CA008CE9D1 /* Preview Assets.xcassets */ = {isa = PBXFileReference; lastKnownFileType = folder.assetcatalog; path = "Preview Assets.xcassets"; sourceTree = "<group>"; };
		946F38AE2AB079FE008CE9D1 /* SoundCloud */ = {isa = PBXFileReference; lastKnownFileType = wrapper; name = SoundCloud; path = ../SoundCloud; sourceTree = "<group>"; };
		946F38B22AB07A78008CE9D1 /* WatchCloud-Watch-App-Info.plist */ = {isa = PBXFileReference; lastKnownFileType = text.plist.xml; name = "WatchCloud-Watch-App-Info.plist"; path = "WatchCloud Watch App/Config/WatchCloud-Watch-App-Info.plist"; sourceTree = SOURCE_ROOT; };
		946F38B72AB07F81008CE9D1 /* View.swift */ = {isa = PBXFileReference; fileEncoding = 4; lastKnownFileType = sourcecode.swift; path = View.swift; sourceTree = "<group>"; };
		946F38BA2AB07F81008CE9D1 /* Config.swift */ = {isa = PBXFileReference; fileEncoding = 4; lastKnownFileType = sourcecode.swift; path = Config.swift; sourceTree = "<group>"; };
		946F38BB2AB07F81008CE9D1 /* Image.swift */ = {isa = PBXFileReference; fileEncoding = 4; lastKnownFileType = sourcecode.swift; path = Image.swift; sourceTree = "<group>"; };
		946F38BC2AB07F81008CE9D1 /* Haptics.swift */ = {isa = PBXFileReference; fileEncoding = 4; lastKnownFileType = sourcecode.swift; path = Haptics.swift; sourceTree = "<group>"; };
		946F38BD2AB07F81008CE9D1 /* SpinAnimation.swift */ = {isa = PBXFileReference; fileEncoding = 4; lastKnownFileType = sourcecode.swift; path = SpinAnimation.swift; sourceTree = "<group>"; };
		946F38BE2AB07F81008CE9D1 /* MarqueeText.swift */ = {isa = PBXFileReference; fileEncoding = 4; lastKnownFileType = sourcecode.swift; path = MarqueeText.swift; sourceTree = "<group>"; };
		946F38BF2AB07F81008CE9D1 /* LinearGradientProgressViewStyle.swift */ = {isa = PBXFileReference; fileEncoding = 4; lastKnownFileType = sourcecode.swift; path = LinearGradientProgressViewStyle.swift; sourceTree = "<group>"; };
		946F38C12AB07F81008CE9D1 /* DownloadsView.swift */ = {isa = PBXFileReference; fileEncoding = 4; lastKnownFileType = sourcecode.swift; path = DownloadsView.swift; sourceTree = "<group>"; };
		946F38C22AB07F81008CE9D1 /* CurrentUserView.swift */ = {isa = PBXFileReference; fileEncoding = 4; lastKnownFileType = sourcecode.swift; path = CurrentUserView.swift; sourceTree = "<group>"; };
		946F38C32AB07F81008CE9D1 /* PlayerOptionsView.swift */ = {isa = PBXFileReference; fileEncoding = 4; lastKnownFileType = sourcecode.swift; path = PlayerOptionsView.swift; sourceTree = "<group>"; };
		946F38C42AB07F81008CE9D1 /* PlaylistView.swift */ = {isa = PBXFileReference; fileEncoding = 4; lastKnownFileType = sourcecode.swift; path = PlaylistView.swift; sourceTree = "<group>"; };
		946F38C52AB07F81008CE9D1 /* SettingsView.swift */ = {isa = PBXFileReference; fileEncoding = 4; lastKnownFileType = sourcecode.swift; path = SettingsView.swift; sourceTree = "<group>"; };
		946F38C62AB07F81008CE9D1 /* LoginView.swift */ = {isa = PBXFileReference; fileEncoding = 4; lastKnownFileType = sourcecode.swift; path = LoginView.swift; sourceTree = "<group>"; };
		946F38C72AB07F81008CE9D1 /* TrackCellView.swift */ = {isa = PBXFileReference; fileEncoding = 4; lastKnownFileType = sourcecode.swift; path = TrackCellView.swift; sourceTree = "<group>"; };
		946F38C82AB07F81008CE9D1 /* RootView.swift */ = {isa = PBXFileReference; fileEncoding = 4; lastKnownFileType = sourcecode.swift; path = RootView.swift; sourceTree = "<group>"; };
		946F38C92AB07F81008CE9D1 /* LibraryView.swift */ = {isa = PBXFileReference; fileEncoding = 4; lastKnownFileType = sourcecode.swift; path = LibraryView.swift; sourceTree = "<group>"; };
		946F38CA2AB07F81008CE9D1 /* PlayerView.swift */ = {isa = PBXFileReference; fileEncoding = 4; lastKnownFileType = sourcecode.swift; path = PlayerView.swift; sourceTree = "<group>"; };
		946F38CB2AB07F81008CE9D1 /* AudioPlayer.swift */ = {isa = PBXFileReference; fileEncoding = 4; lastKnownFileType = sourcecode.swift; path = AudioPlayer.swift; sourceTree = "<group>"; };
		946F38CC2AB07F81008CE9D1 /* App.swift */ = {isa = PBXFileReference; fileEncoding = 4; lastKnownFileType = sourcecode.swift; path = App.swift; sourceTree = "<group>"; };
		946F38E72AB08470008CE9D1 /* WidgetKit.framework */ = {isa = PBXFileReference; lastKnownFileType = wrapper.framework; name = WidgetKit.framework; path = System/Library/Frameworks/WidgetKit.framework; sourceTree = SDKROOT; };
		946F38E92AB08470008CE9D1 /* SwiftUI.framework */ = {isa = PBXFileReference; lastKnownFileType = wrapper.framework; name = SwiftUI.framework; path = System/Library/Frameworks/SwiftUI.framework; sourceTree = SDKROOT; };
		947400C12B1DF89A00C5BF64 /* Device.swift */ = {isa = PBXFileReference; lastKnownFileType = sourcecode.swift; path = Device.swift; sourceTree = "<group>"; };
		947F59982B0A80E900741C53 /* Notification.swift */ = {isa = PBXFileReference; lastKnownFileType = sourcecode.swift; path = Notification.swift; sourceTree = "<group>"; };
		947F599A2B0A838500741C53 /* Color.swift */ = {isa = PBXFileReference; lastKnownFileType = sourcecode.swift; path = Color.swift; sourceTree = "<group>"; };
		9488EE602AE013D40009EC54 /* UserStore.swift */ = {isa = PBXFileReference; lastKnownFileType = sourcecode.swift; path = UserStore.swift; sourceTree = "<group>"; };
		9488EE642AE026140009EC54 /* AudioStore.swift */ = {isa = PBXFileReference; lastKnownFileType = sourcecode.swift; path = AudioStore.swift; sourceTree = "<group>"; };
		9488EE662AE33C260009EC54 /* Logger.swift */ = {isa = PBXFileReference; lastKnownFileType = sourcecode.swift; path = Logger.swift; sourceTree = "<group>"; };
		9488EE682AE3E2380009EC54 /* AuthStore.swift */ = {isa = PBXFileReference; lastKnownFileType = sourcecode.swift; path = AuthStore.swift; sourceTree = "<group>"; };
		9488EE6B2AE3E5D00009EC54 /* LoginService.swift */ = {isa = PBXFileReference; lastKnownFileType = sourcecode.swift; path = LoginService.swift; sourceTree = "<group>"; };
		9488EE6D2AE40EA80009EC54 /* QRCodeImageView.swift */ = {isa = PBXFileReference; lastKnownFileType = sourcecode.swift; path = QRCodeImageView.swift; sourceTree = "<group>"; };
		9488EE792AE42FBE0009EC54 /* SearchStore.swift */ = {isa = PBXFileReference; lastKnownFileType = sourcecode.swift; path = SearchStore.swift; sourceTree = "<group>"; };
		9488EE7E2AE43C970009EC54 /* SearchEntry.swift */ = {isa = PBXFileReference; lastKnownFileType = sourcecode.swift; path = SearchEntry.swift; sourceTree = "<group>"; };
		9488EE812AE70DF90009EC54 /* LibraryView - S945.png */ = {isa = PBXFileReference; lastKnownFileType = image.png; path = "LibraryView - S945.png"; sourceTree = "<group>"; };
		9488EE822AE70EBD0009EC54 /* SearchView - S945.png */ = {isa = PBXFileReference; lastKnownFileType = image.png; path = "SearchView - S945.png"; sourceTree = "<group>"; };
		9488EE832AE7B22A0009EC54 /* PlayerView - S945.png */ = {isa = PBXFileReference; lastKnownFileType = image.png; path = "PlayerView - S945.png"; sourceTree = "<group>"; };
		9488EE842AE7B2CA0009EC54 /* LibraryView Bottom - S945.png */ = {isa = PBXFileReference; lastKnownFileType = image.png; path = "LibraryView Bottom - S945.png"; sourceTree = "<group>"; };
		94923C6A2ABDB5A300A67EBE /* PoweredBySCView.swift */ = {isa = PBXFileReference; lastKnownFileType = sourcecode.swift; path = PoweredBySCView.swift; sourceTree = "<group>"; };
		94923C6C2ABDBB2C00A67EBE /* String.swift */ = {isa = PBXFileReference; lastKnownFileType = sourcecode.swift; path = String.swift; sourceTree = "<group>"; };
		94923C6E2ABDBBD500A67EBE /* Numbers.swift */ = {isa = PBXFileReference; fileEncoding = 4; lastKnownFileType = sourcecode.swift; path = Numbers.swift; sourceTree = "<group>"; };
		94A31B342AB517410052A922 /* CaseIterable.swift */ = {isa = PBXFileReference; lastKnownFileType = sourcecode.swift; path = CaseIterable.swift; sourceTree = "<group>"; };
		94B3EDB02B08E52E00C04BC5 /* PlayerView - S945.png */ = {isa = PBXFileReference; lastKnownFileType = image.png; path = "PlayerView - S945.png"; sourceTree = "<group>"; };
		94B3EDB52B08E52E00C04BC5 /* PlaylistView - S945.png */ = {isa = PBXFileReference; lastKnownFileType = image.png; path = "PlaylistView - S945.png"; sourceTree = "<group>"; };
		94B3EDBA2B08EAED00C04BC5 /* PlayerOptionsView - S945.png */ = {isa = PBXFileReference; lastKnownFileType = image.png; path = "PlayerOptionsView - S945.png"; sourceTree = "<group>"; };
		94B3EDBB2B08EB0700C04BC5 /* UserDetailView - S945.png */ = {isa = PBXFileReference; lastKnownFileType = image.png; path = "UserDetailView - S945.png"; sourceTree = "<group>"; };
		94B6343A2ABDFAF900E6FCDA /* ComplicationExtension.appex */ = {isa = PBXFileReference; explicitFileType = "wrapper.app-extension"; includeInIndex = 0; path = ComplicationExtension.appex; sourceTree = BUILT_PRODUCTS_DIR; };
		94B6343E2ABDFAF900E6FCDA /* Complication.swift */ = {isa = PBXFileReference; lastKnownFileType = sourcecode.swift; path = Complication.swift; sourceTree = "<group>"; };
		94B634402ABDFAFA00E6FCDA /* Assets.xcassets */ = {isa = PBXFileReference; lastKnownFileType = folder.assetcatalog; path = Assets.xcassets; sourceTree = "<group>"; };
		94B634422ABDFAFA00E6FCDA /* Info.plist */ = {isa = PBXFileReference; lastKnownFileType = text.plist.xml; path = Info.plist; sourceTree = "<group>"; };
		94B6344A2ABE5B7700E6FCDA /* Playlist Summary - S845.png */ = {isa = PBXFileReference; lastKnownFileType = image.png; path = "Playlist Summary - S845.png"; sourceTree = "<group>"; };
		94B6344B2ABE5B7700E6FCDA /* Library - S845.png */ = {isa = PBXFileReference; lastKnownFileType = image.png; path = "Library - S845.png"; sourceTree = "<group>"; };
		94B6344C2ABE5B7700E6FCDA /* Player - S845.png */ = {isa = PBXFileReference; lastKnownFileType = image.png; path = "Player - S845.png"; sourceTree = "<group>"; };
		94B6344D2ABE5B7700E6FCDA /* Demo.gif */ = {isa = PBXFileReference; lastKnownFileType = image.gif; path = Demo.gif; sourceTree = "<group>"; };
		94B6344E2ABE5B7700E6FCDA /* Playlist tracks - S845.png */ = {isa = PBXFileReference; lastKnownFileType = image.png; path = "Playlist tracks - S845.png"; sourceTree = "<group>"; };
		94B634502ABE5B7700E6FCDA /* Playlist Summary - S945.png */ = {isa = PBXFileReference; lastKnownFileType = image.png; path = "Playlist Summary - S945.png"; sourceTree = "<group>"; };
		94B634512ABE5B7700E6FCDA /* Login - S945.png */ = {isa = PBXFileReference; lastKnownFileType = image.png; path = "Login - S945.png"; sourceTree = "<group>"; };
		94B634522ABE5B7700E6FCDA /* Playlist Tracks - S945.png */ = {isa = PBXFileReference; lastKnownFileType = image.png; path = "Playlist Tracks - S945.png"; sourceTree = "<group>"; };
		94B634532ABE5B7700E6FCDA /* Library - S945.png */ = {isa = PBXFileReference; lastKnownFileType = image.png; path = "Library - S945.png"; sourceTree = "<group>"; };
		94B634542ABE5B7700E6FCDA /* Player Options - S945.png */ = {isa = PBXFileReference; lastKnownFileType = image.png; path = "Player Options - S945.png"; sourceTree = "<group>"; };
		94B634552ABE5B7700E6FCDA /* Player - S945.png */ = {isa = PBXFileReference; lastKnownFileType = image.png; path = "Player - S945.png"; sourceTree = "<group>"; };
		94B8BB0F2B18CA7800BEB53B /* WatchCloud.app */ = {isa = PBXFileReference; explicitFileType = wrapper.application; includeInIndex = 0; path = WatchCloud.app; sourceTree = BUILT_PRODUCTS_DIR; };
		94B8BB112B18CA7800BEB53B /* App.swift */ = {isa = PBXFileReference; lastKnownFileType = sourcecode.swift; path = App.swift; sourceTree = "<group>"; };
		94B8BB132B18CA7800BEB53B /* RootView.swift */ = {isa = PBXFileReference; lastKnownFileType = sourcecode.swift; path = RootView.swift; sourceTree = "<group>"; };
		94B8BB152B18CA7900BEB53B /* Assets.xcassets */ = {isa = PBXFileReference; lastKnownFileType = folder.assetcatalog; path = Assets.xcassets; sourceTree = "<group>"; };
		94B8BB182B18CA7900BEB53B /* Preview Assets.xcassets */ = {isa = PBXFileReference; lastKnownFileType = folder.assetcatalog; path = "Preview Assets.xcassets"; sourceTree = "<group>"; };
		94B8BB1D2B18D57100BEB53B /* WatchCloud-Login-Info.plist */ = {isa = PBXFileReference; lastKnownFileType = text.plist.xml; name = "WatchCloud-Login-Info.plist"; path = "WatchCloud Login/Config/WatchCloud-Login-Info.plist"; sourceTree = SOURCE_ROOT; };
		94BD056D2B0B964300C3DA89 /* NowPlayingInfo.swift */ = {isa = PBXFileReference; lastKnownFileType = sourcecode.swift; path = NowPlayingInfo.swift; sourceTree = "<group>"; };
		94D4951C2B0F74720013A2D9 /* ImagePipeline.swift */ = {isa = PBXFileReference; lastKnownFileType = sourcecode.swift; path = ImagePipeline.swift; sourceTree = "<group>"; };
		94D4951E2B1212280013A2D9 /* ShortAndLongTapButton.swift */ = {isa = PBXFileReference; lastKnownFileType = sourcecode.swift; path = ShortAndLongTapButton.swift; sourceTree = "<group>"; };
		94D495202B1396D00013A2D9 /* PathMonitor.swift */ = {isa = PBXFileReference; lastKnownFileType = sourcecode.swift; path = PathMonitor.swift; sourceTree = "<group>"; };
		94E44C142B1BC46000ACF29B /* AboutView.swift */ = {isa = PBXFileReference; lastKnownFileType = sourcecode.swift; path = AboutView.swift; sourceTree = "<group>"; };
		94E44C182B1BDE3B00ACF29B /* List.swift */ = {isa = PBXFileReference; lastKnownFileType = sourcecode.swift; path = List.swift; sourceTree = "<group>"; };
		94EE88952B18E12E00486B15 /* WCPhoneSessionHandler.swift */ = {isa = PBXFileReference; lastKnownFileType = sourcecode.swift; path = WCPhoneSessionHandler.swift; sourceTree = "<group>"; };
		94EE88972B18E72900486B15 /* WCWatchSessionHandler.swift */ = {isa = PBXFileReference; lastKnownFileType = sourcecode.swift; path = WCWatchSessionHandler.swift; sourceTree = "<group>"; };
		94EE88A32B19018E00486B15 /* Localizable.xcstrings */ = {isa = PBXFileReference; lastKnownFileType = text.json.xcstrings; path = Localizable.xcstrings; sourceTree = "<group>"; };
		94EE88B82B190CFA00486B15 /* Config.xcconfig */ = {isa = PBXFileReference; fileEncoding = 4; lastKnownFileType = text.xcconfig; path = Config.xcconfig; sourceTree = "<group>"; };
		94EE88C32B195A7000486B15 /* Logger.swift */ = {isa = PBXFileReference; lastKnownFileType = sourcecode.swift; path = Logger.swift; sourceTree = "<group>"; };
		94EE88C62B1B3FFF00486B15 /* LoginButton.swift */ = {isa = PBXFileReference; lastKnownFileType = sourcecode.swift; path = LoginButton.swift; sourceTree = "<group>"; };
		94F3FCD12AB9A3B5005D03DF /* CHANGELOG.md */ = {isa = PBXFileReference; fileEncoding = 4; lastKnownFileType = net.daringfireball.markdown; path = CHANGELOG.md; sourceTree = "<group>"; };
		94F3FCD22AB9A3B5005D03DF /* README.md */ = {isa = PBXFileReference; fileEncoding = 4; lastKnownFileType = net.daringfireball.markdown; path = README.md; sourceTree = "<group>"; };
		94FAA1892ACB319600EF97CE /* UserListView.swift */ = {isa = PBXFileReference; lastKnownFileType = sourcecode.swift; path = UserListView.swift; sourceTree = "<group>"; };
		94FAA18B2ACB3B4200EF97CE /* UserCellView.swift */ = {isa = PBXFileReference; lastKnownFileType = sourcecode.swift; path = UserCellView.swift; sourceTree = "<group>"; };
		94FAA1CF2ACC273600EF97CE /* UserDetailView.swift */ = {isa = PBXFileReference; lastKnownFileType = sourcecode.swift; path = UserDetailView.swift; sourceTree = "<group>"; };
/* End PBXFileReference section */

/* Begin PBXFrameworksBuildPhase section */
		94474B532AF2723E00BEA5F0 /* Frameworks */ = {
			isa = PBXFrameworksBuildPhase;
			buildActionMask = 2147483647;
			files = (
			);
			runOnlyForDeploymentPostprocessing = 0;
		};
		946F38932AB079C9008CE9D1 /* Frameworks */ = {
			isa = PBXFrameworksBuildPhase;
			buildActionMask = 2147483647;
			files = (
				9488EE732AE410AE0009EC54 /* QRCode in Frameworks */,
				94C169A22AB474EE00570B4F /* NukeUI in Frameworks */,
				946F38B12AB07A2E008CE9D1 /* SoundCloud in Frameworks */,
				9421D2B52AD2FB67005FE857 /* Mixpanel in Frameworks */,
				94C169A02AB474EE00570B4F /* Nuke in Frameworks */,
			);
			runOnlyForDeploymentPostprocessing = 0;
		};
		94B634372ABDFAF900E6FCDA /* Frameworks */ = {
			isa = PBXFrameworksBuildPhase;
			buildActionMask = 2147483647;
			files = (
				94B6343C2ABDFAF900E6FCDA /* SwiftUI.framework in Frameworks */,
				94B6343B2ABDFAF900E6FCDA /* WidgetKit.framework in Frameworks */,
			);
			runOnlyForDeploymentPostprocessing = 0;
		};
		94B8BB0C2B18CA7800BEB53B /* Frameworks */ = {
			isa = PBXFrameworksBuildPhase;
			buildActionMask = 2147483647;
			files = (
				94EE88A22B18F00E00486B15 /* SoundCloud in Frameworks */,
			);
			runOnlyForDeploymentPostprocessing = 0;
		};
/* End PBXFrameworksBuildPhase section */

/* Begin PBXGroup section */
		941A00EC2AC4474C000F4693 /* 1.0.2 */ = {
			isa = PBXGroup;
			children = (
				941A00F02AC44793000F4693 /* Library - S945.png */,
				941A00EF2AC44793000F4693 /* Login - S945.png */,
				941A00ED2AC44793000F4693 /* Player - S945.png */,
				941A00EE2AC44793000F4693 /* Player Options - S945.png */,
				941A00F12AC44793000F4693 /* Playlist Summary - S945.png */,
				941A00F22AC44793000F4693 /* Playlist Tracks - S945.png */,
			);
			path = 1.0.2;
			sourceTree = "<group>";
		};
		941F792E2B2399450009DF8C /* 1.3.0 */ = {
			isa = PBXGroup;
			children = (
				941F79302B239A4B0009DF8C /* iOS RootView - 15Pro.png */,
				941F792F2B239A4B0009DF8C /* iOS AboutView - 15Pro.png */,
			);
			path = 1.3.0;
			sourceTree = "<group>";
		};
		9421D2B62AD34C0E005FE857 /* Analytics */ = {
			isa = PBXGroup;
			children = (
				9421D2BB2AD34E88005FE857 /* AnalyticsEvent.swift */,
				9421D2BD2AD34FFC005FE857 /* AnalyticsManager.swift */,
				943477BB2AD3E1CA00A6DED6 /* DebugAnalyticsService.swift */,
				9421D2B92AD34CC9005FE857 /* MixpanelAnalyticsService.swift */,
			);
			path = Analytics;
			sourceTree = "<group>";
		};
		943477BD2AD421AE00A6DED6 /* Tips */ = {
			isa = PBXGroup;
			children = (
				943477BE2AD421E200A6DED6 /* CaptchaNotAppearingTip.swift */,
			);
			path = Tips;
			sourceTree = "<group>";
		};
		943477C12AD5FC5700A6DED6 /* 1.1.0 */ = {
			isa = PBXGroup;
			children = (
				943477C72AD5FC7700A6DED6 /* LibraryView - S945.png */,
				943477C62AD5FC7700A6DED6 /* Liked Playlists - S945.png */,
				943477CB2AD5FF0500A6DED6 /* LoginView - S945.png */,
				943477C32AD5FC7700A6DED6 /* PlayerOptionsView - S945.png */,
				943477C82AD5FC7700A6DED6 /* PlayerView - S945.png */,
				943477C52AD5FC7700A6DED6 /* PlaylistView - S945.png */,
				943477C42AD5FC7700A6DED6 /* SearchView - S945.png */,
				943477CA2AD5FC7800A6DED6 /* UserDetailView - S945.png */,
				943477C92AD5FC7700A6DED6 /* UserDetailView Top Tracks - S945.png */,
				943477C22AD5FC7700A6DED6 /* UserListView - S945.png */,
			);
			path = 1.1.0;
			sourceTree = "<group>";
		};
		94474B572AF2723E00BEA5F0 /* Unit Tests */ = {
			isa = PBXGroup;
			children = (
				94474B622AF2777600BEA5F0 /* Mocks */,
				94474B5F2AF2738900BEA5F0 /* Stores */,
			);
			path = "Unit Tests";
			sourceTree = "<group>";
		};
		94474B5F2AF2738900BEA5F0 /* Stores */ = {
			isa = PBXGroup;
			children = (
				94474B6C2AFF9FC200BEA5F0 /* AuthStore_Tests.swift */,
				94474B602AF273B800BEA5F0 /* SearchStore_Tests.swift */,
				945C22652B00EBE7008A5E39 /* UserStore_Tests.swift */,
				945C22682B010F33008A5E39 /* AudioStore_Tests.swift */,
			);
			path = Stores;
			sourceTree = "<group>";
		};
		94474B622AF2777600BEA5F0 /* Mocks */ = {
			isa = PBXGroup;
			children = (
				94474B652AF280E200BEA5F0 /* MockDAO.swift */,
				94474B632AF2779100BEA5F0 /* MockSoundCloud.swift */,
			);
			path = Mocks;
			sourceTree = "<group>";
		};
		9450555D2B1B908D005B4445 /* UI */ = {
			isa = PBXGroup;
			children = (
				94E44C142B1BC46000ACF29B /* AboutView.swift */,
				94B8BB132B18CA7800BEB53B /* RootView.swift */,
			);
			path = UI;
			sourceTree = "<group>";
		};
		946F38892AB079C9008CE9D1 = {
			isa = PBXGroup;
			children = (
				946F389A2AB079C9008CE9D1 /* WatchCloud Watch App */,
				94B8BB102B18CA7800BEB53B /* WatchCloud Login */,
				94B6343D2ABDFAF900E6FCDA /* Complication */,
				94474B572AF2723E00BEA5F0 /* Unit Tests */,
				946F38912AB079C9008CE9D1 /* Products */,
				946F38AF2AB07A2E008CE9D1 /* Frameworks */,
				946F38AD2AB079FE008CE9D1 /* Packages */,
				94F3FCD02AB9A3B5005D03DF /* Screenshots */,
				945C22672B010198008A5E39 /* Test Plan.xctestplan */,
				94F3FCD22AB9A3B5005D03DF /* README.md */,
				94F3FCD12AB9A3B5005D03DF /* CHANGELOG.md */,
			);
			sourceTree = "<group>";
		};
		946F38912AB079C9008CE9D1 /* Products */ = {
			isa = PBXGroup;
			children = (
				946F38962AB079C9008CE9D1 /* WatchCloud Watch App.app */,
				94B6343A2ABDFAF900E6FCDA /* ComplicationExtension.appex */,
				94474B562AF2723E00BEA5F0 /* Unit Tests.xctest */,
				94B8BB0F2B18CA7800BEB53B /* WatchCloud.app */,
			);
			name = Products;
			sourceTree = "<group>";
		};
		946F389A2AB079C9008CE9D1 /* WatchCloud Watch App */ = {
			isa = PBXGroup;
			children = (
				946F38CC2AB07F81008CE9D1 /* App.swift */,
				946F38CB2AB07F81008CE9D1 /* AudioPlayer.swift */,
				9448FF4A2AB31308003D63F1 /* CompositionRoot.swift */,
				94EE88972B18E72900486B15 /* WCWatchSessionHandler.swift */,
				9446C5FA2ABDA57E00BCE5DF /* Localizable.xcstrings */,
				9421D2B62AD34C0E005FE857 /* Analytics */,
				946F38B32AB07CB1008CE9D1 /* Config */,
				946F38B62AB07F81008CE9D1 /* Extension */,
				9488EE7D2AE43C860009EC54 /* Models */,
				9488EE6A2AE3E5BD0009EC54 /* Protocols */,
				9488EE5F2AE012020009EC54 /* Stores */,
				946F38C02AB07F81008CE9D1 /* UI */,
				943477BD2AD421AE00A6DED6 /* Tips */,
			);
			path = "WatchCloud Watch App";
			sourceTree = "<group>";
		};
		946F38A12AB079CA008CE9D1 /* Preview Content */ = {
			isa = PBXGroup;
			children = (
				946F38A22AB079CA008CE9D1 /* Preview Assets.xcassets */,
			);
			path = "Preview Content";
			sourceTree = "<group>";
		};
		946F38AD2AB079FE008CE9D1 /* Packages */ = {
			isa = PBXGroup;
			children = (
				946F38AE2AB079FE008CE9D1 /* SoundCloud */,
			);
			name = Packages;
			sourceTree = "<group>";
		};
		946F38AF2AB07A2E008CE9D1 /* Frameworks */ = {
			isa = PBXGroup;
			children = (
				946F38E72AB08470008CE9D1 /* WidgetKit.framework */,
				946F38E92AB08470008CE9D1 /* SwiftUI.framework */,
			);
			name = Frameworks;
			sourceTree = "<group>";
		};
		946F38B32AB07CB1008CE9D1 /* Config */ = {
			isa = PBXGroup;
			children = (
				945C226A2B025F49008A5E39 /* AppLauncher.swift */,
				946F389F2AB079CA008CE9D1 /* Assets.xcassets */,
				946F38BA2AB07F81008CE9D1 /* Config.swift */,
				94EE88B82B190CFA00486B15 /* Config.xcconfig */,
				946F38A12AB079CA008CE9D1 /* Preview Content */,
				946F38B22AB07A78008CE9D1 /* WatchCloud-Watch-App-Info.plist */,
			);
			path = Config;
			sourceTree = "<group>";
		};
		946F38B62AB07F81008CE9D1 /* Extension */ = {
			isa = PBXGroup;
			children = (
				94A31B342AB517410052A922 /* CaseIterable.swift */,
				9421D2A22ACED4FE005FE857 /* CGRect.swift */,
				947F599A2B0A838500741C53 /* Color.swift */,
				9421D2A02ACED420005FE857 /* Device.swift */,
				946F38BC2AB07F81008CE9D1 /* Haptics.swift */,
				946F38BB2AB07F81008CE9D1 /* Image.swift */,
				94D4951C2B0F74720013A2D9 /* ImagePipeline.swift */,
				946F38BF2AB07F81008CE9D1 /* LinearGradientProgressViewStyle.swift */,
				9488EE662AE33C260009EC54 /* Logger.swift */,
				946F38BE2AB07F81008CE9D1 /* MarqueeText.swift */,
				947F59982B0A80E900741C53 /* Notification.swift */,
				94923C6E2ABDBBD500A67EBE /* Numbers.swift */,
				9421D2AE2AD2D151005FE857 /* Optional.swift */,
				94D495202B1396D00013A2D9 /* PathMonitor.swift */,
				94D4951E2B1212280013A2D9 /* ShortAndLongTapButton.swift */,
				946F38BD2AB07F81008CE9D1 /* SpinAnimation.swift */,
				94923C6C2ABDBB2C00A67EBE /* String.swift */,
				945CCB5E2AB383D500C47E55 /* SwiftUI Preview.swift */,
				946F38B72AB07F81008CE9D1 /* View.swift */,
				9448FF4C2AB343D7003D63F1 /* WatchKit.swift */,
			);
			path = Extension;
			sourceTree = "<group>";
		};
		946F38C02AB07F81008CE9D1 /* UI */ = {
			isa = PBXGroup;
			children = (
				941A00F72AC70CEE000F4693 /* CachedImageView.swift */,
				946F38C22AB07F81008CE9D1 /* CurrentUserView.swift */,
				946F38C12AB07F81008CE9D1 /* DownloadsView.swift */,
				946F38C92AB07F81008CE9D1 /* LibraryView.swift */,
				94EE88C62B1B3FFF00486B15 /* LoginButton.swift */,
				946F38C62AB07F81008CE9D1 /* LoginView.swift */,
				941A00EA2AC304B6000F4693 /* NewPlayerView.swift */,
				946F38C32AB07F81008CE9D1 /* PlayerOptionsView.swift */,
				946F38CA2AB07F81008CE9D1 /* PlayerView.swift */,
				9421D2A82ACF5B59005FE857 /* PlaylistCellView.swift */,
				9421D29E2ACE2A90005FE857 /* PlaylistListView.swift */,
				9421D2AC2AD17834005FE857 /* PlaylistSummaryView.swift */,
				946F38C42AB07F81008CE9D1 /* PlaylistView.swift */,
				94923C6A2ABDB5A300A67EBE /* PoweredBySCView.swift */,
				9488EE6D2AE40EA80009EC54 /* QRCodeImageView.swift */,
				946F38C82AB07F81008CE9D1 /* RootView.swift */,
				943756CE2ACDA02500C84006 /* SearchView.swift */,
				946F38C52AB07F81008CE9D1 /* SettingsView.swift */,
				946F38C72AB07F81008CE9D1 /* TrackCellView.swift */,
				94FAA18B2ACB3B4200EF97CE /* UserCellView.swift */,
				94FAA1CF2ACC273600EF97CE /* UserDetailView.swift */,
				94FAA1892ACB319600EF97CE /* UserListView.swift */,
				9448FF4E2AB34F0A003D63F1 /* VolumeCircleView.swift */,
			);
			path = UI;
			sourceTree = "<group>";
		};
		9488EE5F2AE012020009EC54 /* Stores */ = {
			isa = PBXGroup;
			children = (
				9488EE642AE026140009EC54 /* AudioStore.swift */,
				9488EE682AE3E2380009EC54 /* AuthStore.swift */,
				9488EE792AE42FBE0009EC54 /* SearchStore.swift */,
				9488EE602AE013D40009EC54 /* UserStore.swift */,
			);
			path = Stores;
			sourceTree = "<group>";
		};
		9488EE6A2AE3E5BD0009EC54 /* Protocols */ = {
			isa = PBXGroup;
			children = (
				9488EE6B2AE3E5D00009EC54 /* LoginService.swift */,
				943670C62AEBE13D007E4973 /* SoundCloudAPI.swift */,
			);
			path = Protocols;
			sourceTree = "<group>";
		};
		9488EE7D2AE43C860009EC54 /* Models */ = {
			isa = PBXGroup;
			children = (
				94BD056D2B0B964300C3DA89 /* NowPlayingInfo.swift */,
				9488EE7E2AE43C970009EC54 /* SearchEntry.swift */,
			);
			path = Models;
			sourceTree = "<group>";
		};
		9488EE802AE70DDD0009EC54 /* 1.1.2 */ = {
			isa = PBXGroup;
			children = (
				94B3EDBA2B08EAED00C04BC5 /* PlayerOptionsView - S945.png */,
				9488EE812AE70DF90009EC54 /* LibraryView - S945.png */,
				9488EE842AE7B2CA0009EC54 /* LibraryView Bottom - S945.png */,
				9488EE832AE7B22A0009EC54 /* PlayerView - S945.png */,
				9488EE822AE70EBD0009EC54 /* SearchView - S945.png */,
			);
			path = 1.1.2;
			sourceTree = "<group>";
		};
		94B3EDAF2B08E4BA00C04BC5 /* 1.1.5 */ = {
			isa = PBXGroup;
			children = (
				94B3EDBB2B08EB0700C04BC5 /* UserDetailView - S945.png */,
				94B3EDB52B08E52E00C04BC5 /* PlaylistView - S945.png */,
				94B3EDB02B08E52E00C04BC5 /* PlayerView - S945.png */,
			);
			path = 1.1.5;
			sourceTree = "<group>";
		};
		94B6343D2ABDFAF900E6FCDA /* Complication */ = {
			isa = PBXGroup;
			children = (
				94B6343E2ABDFAF900E6FCDA /* Complication.swift */,
				94B634402ABDFAFA00E6FCDA /* Assets.xcassets */,
				94B634422ABDFAFA00E6FCDA /* Info.plist */,
			);
			path = Complication;
			sourceTree = "<group>";
		};
		94B634492ABE5B7700E6FCDA /* 1.0.0 */ = {
			isa = PBXGroup;
			children = (
				94B6344D2ABE5B7700E6FCDA /* Demo.gif */,
				94B6344B2ABE5B7700E6FCDA /* Library - S845.png */,
				94B6344C2ABE5B7700E6FCDA /* Player - S845.png */,
				94B6344A2ABE5B7700E6FCDA /* Playlist Summary - S845.png */,
				94B6344E2ABE5B7700E6FCDA /* Playlist tracks - S845.png */,
			);
			path = 1.0.0;
			sourceTree = "<group>";
		};
		94B6344F2ABE5B7700E6FCDA /* 1.0.1 */ = {
			isa = PBXGroup;
			children = (
				94B634532ABE5B7700E6FCDA /* Library - S945.png */,
				94B634512ABE5B7700E6FCDA /* Login - S945.png */,
				94B634552ABE5B7700E6FCDA /* Player - S945.png */,
				94B634542ABE5B7700E6FCDA /* Player Options - S945.png */,
				94B634502ABE5B7700E6FCDA /* Playlist Summary - S945.png */,
				94B634522ABE5B7700E6FCDA /* Playlist Tracks - S945.png */,
			);
			path = 1.0.1;
			sourceTree = "<group>";
		};
		94B8BB102B18CA7800BEB53B /* WatchCloud Login */ = {
			isa = PBXGroup;
			children = (
				94B8BB112B18CA7800BEB53B /* App.swift */,
				94EE88952B18E12E00486B15 /* WCPhoneSessionHandler.swift */,
				94EE88A32B19018E00486B15 /* Localizable.xcstrings */,
				94EE88A52B19035F00486B15 /* Config */,
				94EE88C22B195A5300486B15 /* Extension */,
				9450555D2B1B908D005B4445 /* UI */,
			);
			path = "WatchCloud Login";
			sourceTree = "<group>";
		};
		94B8BB172B18CA7900BEB53B /* Preview Content */ = {
			isa = PBXGroup;
			children = (
				94B8BB182B18CA7900BEB53B /* Preview Assets.xcassets */,
			);
			path = "Preview Content";
			sourceTree = "<group>";
		};
		94EE88A52B19035F00486B15 /* Config */ = {
			isa = PBXGroup;
			children = (
				94B8BB152B18CA7900BEB53B /* Assets.xcassets */,
				94B8BB172B18CA7900BEB53B /* Preview Content */,
				94B8BB1D2B18D57100BEB53B /* WatchCloud-Login-Info.plist */,
			);
			path = Config;
			sourceTree = "<group>";
		};
		94EE88C22B195A5300486B15 /* Extension */ = {
			isa = PBXGroup;
			children = (
				9416871A2B1CD13300A62407 /* ColorScheme.swift */,
				94E44C182B1BDE3B00ACF29B /* List.swift */,
				94EE88C32B195A7000486B15 /* Logger.swift */,
				941687182B1CBD6100A62407 /* Text.swift */,
				947400C12B1DF89A00C5BF64 /* Device.swift */,
			);
			path = Extension;
			sourceTree = "<group>";
		};
		94F3FCD02AB9A3B5005D03DF /* Screenshots */ = {
			isa = PBXGroup;
			children = (
				94B634492ABE5B7700E6FCDA /* 1.0.0 */,
				94B6344F2ABE5B7700E6FCDA /* 1.0.1 */,
				941A00EC2AC4474C000F4693 /* 1.0.2 */,
				943477C12AD5FC5700A6DED6 /* 1.1.0 */,
				9488EE802AE70DDD0009EC54 /* 1.1.2 */,
				94B3EDAF2B08E4BA00C04BC5 /* 1.1.5 */,
				941F792E2B2399450009DF8C /* 1.3.0 */,
			);
			path = Screenshots;
			sourceTree = "<group>";
		};
/* End PBXGroup section */

/* Begin PBXNativeTarget section */
		94474B552AF2723E00BEA5F0 /* Unit Tests */ = {
			isa = PBXNativeTarget;
			buildConfigurationList = 94474B5E2AF2723E00BEA5F0 /* Build configuration list for PBXNativeTarget "Unit Tests" */;
			buildPhases = (
				94474B522AF2723E00BEA5F0 /* Sources */,
				94474B532AF2723E00BEA5F0 /* Frameworks */,
				94474B542AF2723E00BEA5F0 /* Resources */,
			);
			buildRules = (
			);
			dependencies = (
				94474B5B2AF2723E00BEA5F0 /* PBXTargetDependency */,
			);
			name = "Unit Tests";
			productName = "Unit Tests";
			productReference = 94474B562AF2723E00BEA5F0 /* Unit Tests.xctest */;
			productType = "com.apple.product-type.bundle.unit-test";
		};
		946F38952AB079C9008CE9D1 /* WatchCloud Watch App */ = {
			isa = PBXNativeTarget;
			buildConfigurationList = 946F38A62AB079CA008CE9D1 /* Build configuration list for PBXNativeTarget "WatchCloud Watch App" */;
			buildPhases = (
				946F38922AB079C9008CE9D1 /* Sources */,
				946F38932AB079C9008CE9D1 /* Frameworks */,
				946F38942AB079C9008CE9D1 /* Resources */,
				946F38F72AB08471008CE9D1 /* Embed Foundation Extensions */,
			);
			buildRules = (
			);
			dependencies = (
				94B634442ABDFAFA00E6FCDA /* PBXTargetDependency */,
			);
			name = "WatchCloud Watch App";
			packageProductDependencies = (
				946F38B02AB07A2E008CE9D1 /* SoundCloud */,
				94C1699F2AB474EE00570B4F /* Nuke */,
				94C169A12AB474EE00570B4F /* NukeUI */,
				9421D2B42AD2FB67005FE857 /* Mixpanel */,
				9488EE722AE410AE0009EC54 /* QRCode */,
			);
			productName = "WatchCloud Watch App";
			productReference = 946F38962AB079C9008CE9D1 /* WatchCloud Watch App.app */;
			productType = "com.apple.product-type.application";
		};
		94B634392ABDFAF900E6FCDA /* ComplicationExtension */ = {
			isa = PBXNativeTarget;
			buildConfigurationList = 94B634462ABDFAFA00E6FCDA /* Build configuration list for PBXNativeTarget "ComplicationExtension" */;
			buildPhases = (
				94B634362ABDFAF900E6FCDA /* Sources */,
				94B634372ABDFAF900E6FCDA /* Frameworks */,
				94B634382ABDFAF900E6FCDA /* Resources */,
			);
			buildRules = (
			);
			dependencies = (
			);
			name = ComplicationExtension;
			productName = ComplicationExtension;
			productReference = 94B6343A2ABDFAF900E6FCDA /* ComplicationExtension.appex */;
			productType = "com.apple.product-type.app-extension";
		};
		94B8BB0E2B18CA7800BEB53B /* WatchCloud */ = {
			isa = PBXNativeTarget;
			buildConfigurationList = 94B8BB1C2B18CA7900BEB53B /* Build configuration list for PBXNativeTarget "WatchCloud" */;
			buildPhases = (
				94B8BB0B2B18CA7800BEB53B /* Sources */,
				94B8BB0C2B18CA7800BEB53B /* Frameworks */,
				94B8BB0D2B18CA7800BEB53B /* Resources */,
				94EE88A02B18EADC00486B15 /* Embed Watch Content */,
			);
			buildRules = (
			);
			dependencies = (
				94EE889F2B18EADC00486B15 /* PBXTargetDependency */,
			);
			name = WatchCloud;
			packageProductDependencies = (
				94EE88A12B18F00E00486B15 /* SoundCloud */,
			);
			productName = "WatchCloud Login";
			productReference = 94B8BB0F2B18CA7800BEB53B /* WatchCloud.app */;
			productType = "com.apple.product-type.application";
		};
/* End PBXNativeTarget section */

/* Begin PBXProject section */
		946F388A2AB079C9008CE9D1 /* Project object */ = {
			isa = PBXProject;
			attributes = {
				BuildIndependentTargetsInParallel = 1;
				LastSwiftUpdateCheck = 1500;
				LastUpgradeCheck = 1500;
				TargetAttributes = {
					94474B552AF2723E00BEA5F0 = {
						CreatedOnToolsVersion = 15.0;
						TestTargetID = 946F38952AB079C9008CE9D1;
					};
					946F38952AB079C9008CE9D1 = {
						CreatedOnToolsVersion = 14.3.1;
					};
					94B634392ABDFAF900E6FCDA = {
						CreatedOnToolsVersion = 15.0;
					};
					94B8BB0E2B18CA7800BEB53B = {
						CreatedOnToolsVersion = 15.0;
					};
				};
			};
			buildConfigurationList = 946F388D2AB079C9008CE9D1 /* Build configuration list for PBXProject "WatchCloud" */;
			compatibilityVersion = "Xcode 14.0";
			developmentRegion = en;
			hasScannedForEncodings = 0;
			knownRegions = (
				en,
				Base,
				fr,
				de,
				ko,
				ar,
				"es-419",
				ja,
				it,
				"pt-BR",
				nl,
			);
			mainGroup = 946F38892AB079C9008CE9D1;
			packageReferences = (
				94C1699E2AB474EE00570B4F /* XCRemoteSwiftPackageReference "Nuke" */,
				9421D2B32AD2FB67005FE857 /* XCRemoteSwiftPackageReference "mixpanel-swift" */,
				9488EE712AE410AE0009EC54 /* XCRemoteSwiftPackageReference "QRCode" */,
			);
			productRefGroup = 946F38912AB079C9008CE9D1 /* Products */;
			projectDirPath = "";
			projectRoot = "";
			targets = (
				946F38952AB079C9008CE9D1 /* WatchCloud Watch App */,
				94B8BB0E2B18CA7800BEB53B /* WatchCloud */,
				94B634392ABDFAF900E6FCDA /* ComplicationExtension */,
				94474B552AF2723E00BEA5F0 /* Unit Tests */,
			);
		};
/* End PBXProject section */

/* Begin PBXResourcesBuildPhase section */
		94474B542AF2723E00BEA5F0 /* Resources */ = {
			isa = PBXResourcesBuildPhase;
			buildActionMask = 2147483647;
			files = (
			);
			runOnlyForDeploymentPostprocessing = 0;
		};
		946F38942AB079C9008CE9D1 /* Resources */ = {
			isa = PBXResourcesBuildPhase;
			buildActionMask = 2147483647;
			files = (
				946F38A32AB079CA008CE9D1 /* Preview Assets.xcassets in Resources */,
				94EE88B92B190CFA00486B15 /* Config.xcconfig in Resources */,
				943477CC2AD5FF0500A6DED6 /* LoginView - S945.png in Resources */,
				9446C5FB2ABDA57E00BCE5DF /* Localizable.xcstrings in Resources */,
				946F38A02AB079CA008CE9D1 /* Assets.xcassets in Resources */,
			);
			runOnlyForDeploymentPostprocessing = 0;
		};
		94B634382ABDFAF900E6FCDA /* Resources */ = {
			isa = PBXResourcesBuildPhase;
			buildActionMask = 2147483647;
			files = (
				94B634412ABDFAFA00E6FCDA /* Assets.xcassets in Resources */,
			);
			runOnlyForDeploymentPostprocessing = 0;
		};
		94B8BB0D2B18CA7800BEB53B /* Resources */ = {
			isa = PBXResourcesBuildPhase;
			buildActionMask = 2147483647;
			files = (
				94B8BB192B18CA7900BEB53B /* Preview Assets.xcassets in Resources */,
				94B8BB162B18CA7900BEB53B /* Assets.xcassets in Resources */,
				94EE88A42B19018E00486B15 /* Localizable.xcstrings in Resources */,
			);
			runOnlyForDeploymentPostprocessing = 0;
		};
/* End PBXResourcesBuildPhase section */

/* Begin PBXSourcesBuildPhase section */
		94474B522AF2723E00BEA5F0 /* Sources */ = {
			isa = PBXSourcesBuildPhase;
			buildActionMask = 2147483647;
			files = (
				94474B662AF280E300BEA5F0 /* MockDAO.swift in Sources */,
				94474B6D2AFF9FC200BEA5F0 /* AuthStore_Tests.swift in Sources */,
				945C22692B010F33008A5E39 /* AudioStore_Tests.swift in Sources */,
				94474B612AF273B800BEA5F0 /* SearchStore_Tests.swift in Sources */,
				945C22662B00EBE7008A5E39 /* UserStore_Tests.swift in Sources */,
				94474B642AF2779100BEA5F0 /* MockSoundCloud.swift in Sources */,
			);
			runOnlyForDeploymentPostprocessing = 0;
		};
		946F38922AB079C9008CE9D1 /* Sources */ = {
			isa = PBXSourcesBuildPhase;
			buildActionMask = 2147483647;
			files = (
				946F38DC2AB07F81008CE9D1 /* TrackCellView.swift in Sources */,
				946F38D52AB07F81008CE9D1 /* LinearGradientProgressViewStyle.swift in Sources */,
				941A00EB2AC304B6000F4693 /* NewPlayerView.swift in Sources */,
				946F38D72AB07F81008CE9D1 /* CurrentUserView.swift in Sources */,
				94FAA1D02ACC273600EF97CE /* UserDetailView.swift in Sources */,
				94FAA18C2ACB3B4200EF97CE /* UserCellView.swift in Sources */,
				943477BF2AD421E200A6DED6 /* CaptchaNotAppearingTip.swift in Sources */,
				94FAA18A2ACB319600EF97CE /* UserListView.swift in Sources */,
				9421D2A12ACED420005FE857 /* Device.swift in Sources */,
				9488EE652AE026140009EC54 /* AudioStore.swift in Sources */,
				9488EE7A2AE42FBE0009EC54 /* SearchStore.swift in Sources */,
				94923C6F2ABDBBD500A67EBE /* Numbers.swift in Sources */,
				9488EE7F2AE43C970009EC54 /* SearchEntry.swift in Sources */,
				946F38D12AB07F81008CE9D1 /* Image.swift in Sources */,
				945C226B2B025F49008A5E39 /* AppLauncher.swift in Sources */,
				9421D29F2ACE2A90005FE857 /* PlaylistListView.swift in Sources */,
				947F599B2B0A838500741C53 /* Color.swift in Sources */,
				94D495212B1396D00013A2D9 /* PathMonitor.swift in Sources */,
				943756CF2ACDA02500C84006 /* SearchView.swift in Sources */,
				9421D2BC2AD34E88005FE857 /* AnalyticsEvent.swift in Sources */,
				9488EE6E2AE40EA80009EC54 /* QRCodeImageView.swift in Sources */,
				9421D2BA2AD34CC9005FE857 /* MixpanelAnalyticsService.swift in Sources */,
				94EE88982B18E72900486B15 /* WCWatchSessionHandler.swift in Sources */,
				94A31B352AB517410052A922 /* CaseIterable.swift in Sources */,
				9421D2A92ACF5B59005FE857 /* PlaylistCellView.swift in Sources */,
				946F38DD2AB07F81008CE9D1 /* RootView.swift in Sources */,
				943670C72AEBE13D007E4973 /* SoundCloudAPI.swift in Sources */,
				9448FF4F2AB34F0A003D63F1 /* VolumeCircleView.swift in Sources */,
				94D4951D2B0F74720013A2D9 /* ImagePipeline.swift in Sources */,
				946F38D62AB07F81008CE9D1 /* DownloadsView.swift in Sources */,
				946F38DE2AB07F81008CE9D1 /* LibraryView.swift in Sources */,
				946F38E02AB07F81008CE9D1 /* AudioPlayer.swift in Sources */,
				946F38E12AB07F81008CE9D1 /* App.swift in Sources */,
				9488EE672AE33C260009EC54 /* Logger.swift in Sources */,
				946F38DF2AB07F81008CE9D1 /* PlayerView.swift in Sources */,
				9448FF4D2AB343D7003D63F1 /* WatchKit.swift in Sources */,
				94EE88C72B1B3FFF00486B15 /* LoginButton.swift in Sources */,
				946F38D22AB07F81008CE9D1 /* Haptics.swift in Sources */,
				946F38D82AB07F81008CE9D1 /* PlayerOptionsView.swift in Sources */,
				9421D2BE2AD34FFC005FE857 /* AnalyticsManager.swift in Sources */,
				94923C6B2ABDB5A300A67EBE /* PoweredBySCView.swift in Sources */,
				9421D2AF2AD2D151005FE857 /* Optional.swift in Sources */,
				9488EE612AE013D40009EC54 /* UserStore.swift in Sources */,
				9488EE6C2AE3E5D00009EC54 /* LoginService.swift in Sources */,
				946F38DA2AB07F81008CE9D1 /* SettingsView.swift in Sources */,
				941A00F82AC70CEE000F4693 /* CachedImageView.swift in Sources */,
				94923C6D2ABDBB2C00A67EBE /* String.swift in Sources */,
				9488EE692AE3E2380009EC54 /* AuthStore.swift in Sources */,
				94D4951F2B1212280013A2D9 /* ShortAndLongTapButton.swift in Sources */,
				946F38DB2AB07F81008CE9D1 /* LoginView.swift in Sources */,
				9421D2A32ACED4FE005FE857 /* CGRect.swift in Sources */,
				943477BC2AD3E1CA00A6DED6 /* DebugAnalyticsService.swift in Sources */,
				946F38D92AB07F81008CE9D1 /* PlaylistView.swift in Sources */,
				946F38D32AB07F81008CE9D1 /* SpinAnimation.swift in Sources */,
				947F59992B0A80E900741C53 /* Notification.swift in Sources */,
				9448FF4B2AB31308003D63F1 /* CompositionRoot.swift in Sources */,
				946F38D42AB07F81008CE9D1 /* MarqueeText.swift in Sources */,
				946F38CD2AB07F81008CE9D1 /* View.swift in Sources */,
				946F38D02AB07F81008CE9D1 /* Config.swift in Sources */,
				94BD056E2B0B964300C3DA89 /* NowPlayingInfo.swift in Sources */,
				945CCB5F2AB383D500C47E55 /* SwiftUI Preview.swift in Sources */,
				9421D2AD2AD17834005FE857 /* PlaylistSummaryView.swift in Sources */,
			);
			runOnlyForDeploymentPostprocessing = 0;
		};
		94B634362ABDFAF900E6FCDA /* Sources */ = {
			isa = PBXSourcesBuildPhase;
			buildActionMask = 2147483647;
			files = (
				94B6343F2ABDFAF900E6FCDA /* Complication.swift in Sources */,
			);
			runOnlyForDeploymentPostprocessing = 0;
		};
		94B8BB0B2B18CA7800BEB53B /* Sources */ = {
			isa = PBXSourcesBuildPhase;
			buildActionMask = 2147483647;
			files = (
				94EE88C52B1B3F3200486B15 /* View.swift in Sources */,
				94EE88C82B1B3FFF00486B15 /* LoginButton.swift in Sources */,
				947400C32B1E0FA200C5BF64 /* PoweredBySCView.swift in Sources */,
				94E44C162B1BCC8400ACF29B /* Color.swift in Sources */,
				94B8BB142B18CA7800BEB53B /* RootView.swift in Sources */,
				94E44C152B1BC46000ACF29B /* AboutView.swift in Sources */,
				94E44C192B1BDE3B00ACF29B /* List.swift in Sources */,
				94EE88BF2B190FCC00486B15 /* AuthStore.swift in Sources */,
				94EE88C02B190FE200486B15 /* LoginService.swift in Sources */,
				941687192B1CBD6100A62407 /* Text.swift in Sources */,
				947400C22B1DF89A00C5BF64 /* Device.swift in Sources */,
				94B8BB122B18CA7800BEB53B /* App.swift in Sources */,
				9416871B2B1CD13300A62407 /* ColorScheme.swift in Sources */,
				94EE88C42B195A7000486B15 /* Logger.swift in Sources */,
				94EE88962B18E12E00486B15 /* WCPhoneSessionHandler.swift in Sources */,
				94EE88C12B190FF800486B15 /* Config.swift in Sources */,
			);
			runOnlyForDeploymentPostprocessing = 0;
		};
/* End PBXSourcesBuildPhase section */

/* Begin PBXTargetDependency section */
		94474B5B2AF2723E00BEA5F0 /* PBXTargetDependency */ = {
			isa = PBXTargetDependency;
			target = 946F38952AB079C9008CE9D1 /* WatchCloud Watch App */;
			targetProxy = 94474B5A2AF2723E00BEA5F0 /* PBXContainerItemProxy */;
		};
		94B634442ABDFAFA00E6FCDA /* PBXTargetDependency */ = {
			isa = PBXTargetDependency;
			target = 94B634392ABDFAF900E6FCDA /* ComplicationExtension */;
			targetProxy = 94B634432ABDFAFA00E6FCDA /* PBXContainerItemProxy */;
		};
		94EE889F2B18EADC00486B15 /* PBXTargetDependency */ = {
			isa = PBXTargetDependency;
			target = 946F38952AB079C9008CE9D1 /* WatchCloud Watch App */;
			targetProxy = 94EE889E2B18EADC00486B15 /* PBXContainerItemProxy */;
		};
/* End PBXTargetDependency section */

/* Begin XCBuildConfiguration section */
		94474B5C2AF2723E00BEA5F0 /* Debug */ = {
			isa = XCBuildConfiguration;
			buildSettings = {
				ASSETCATALOG_COMPILER_GENERATE_SWIFT_ASSET_SYMBOL_EXTENSIONS = YES;
				BUNDLE_LOADER = "$(TEST_HOST)";
				CODE_SIGN_STYLE = Automatic;
				CURRENT_PROJECT_VERSION = 1;
				DEVELOPMENT_TEAM = T6MXF72738;
				ENABLE_USER_SCRIPT_SANDBOXING = YES;
				GCC_C_LANGUAGE_STANDARD = gnu17;
				GENERATE_INFOPLIST_FILE = YES;
				LOCALIZATION_PREFERS_STRING_CATALOGS = YES;
				MARKETING_VERSION = 1.0;
				PRODUCT_BUNDLE_IDENTIFIER = "RyanDF.Unit-Tests";
				PRODUCT_NAME = "$(TARGET_NAME)";
				SDKROOT = watchos;
				SWIFT_ACTIVE_COMPILATION_CONDITIONS = "DEBUG $(inherited)";
				SWIFT_EMIT_LOC_STRINGS = NO;
				SWIFT_VERSION = 5.0;
				TARGETED_DEVICE_FAMILY = 4;
				TEST_HOST = "$(BUILT_PRODUCTS_DIR)/WatchCloud Watch App.app/$(BUNDLE_EXECUTABLE_FOLDER_PATH)/WatchCloud Watch App";
				WATCHOS_DEPLOYMENT_TARGET = 10.0;
			};
			name = Debug;
		};
		94474B5D2AF2723E00BEA5F0 /* Release */ = {
			isa = XCBuildConfiguration;
			buildSettings = {
				ASSETCATALOG_COMPILER_GENERATE_SWIFT_ASSET_SYMBOL_EXTENSIONS = YES;
				BUNDLE_LOADER = "$(TEST_HOST)";
				CODE_SIGN_STYLE = Automatic;
				CURRENT_PROJECT_VERSION = 1;
				DEVELOPMENT_TEAM = T6MXF72738;
				ENABLE_USER_SCRIPT_SANDBOXING = YES;
				GCC_C_LANGUAGE_STANDARD = gnu17;
				GENERATE_INFOPLIST_FILE = YES;
				LOCALIZATION_PREFERS_STRING_CATALOGS = YES;
				MARKETING_VERSION = 1.0;
				PRODUCT_BUNDLE_IDENTIFIER = "RyanDF.Unit-Tests";
				PRODUCT_NAME = "$(TARGET_NAME)";
				SDKROOT = watchos;
				SWIFT_EMIT_LOC_STRINGS = NO;
				SWIFT_VERSION = 5.0;
				TARGETED_DEVICE_FAMILY = 4;
				TEST_HOST = "$(BUILT_PRODUCTS_DIR)/WatchCloud Watch App.app/$(BUNDLE_EXECUTABLE_FOLDER_PATH)/WatchCloud Watch App";
				VALIDATE_PRODUCT = YES;
				WATCHOS_DEPLOYMENT_TARGET = 10.0;
			};
			name = Release;
		};
		946F38A42AB079CA008CE9D1 /* Debug */ = {
			isa = XCBuildConfiguration;
			baseConfigurationReference = 94EE88B82B190CFA00486B15 /* Config.xcconfig */;
			buildSettings = {
				ALWAYS_SEARCH_USER_PATHS = NO;
				CLANG_ANALYZER_LOCALIZABILITY_NONLOCALIZED = YES;
				CLANG_ANALYZER_NONNULL = YES;
				CLANG_ANALYZER_NUMBER_OBJECT_CONVERSION = YES_AGGRESSIVE;
				CLANG_CXX_LANGUAGE_STANDARD = "gnu++20";
				CLANG_ENABLE_MODULES = YES;
				CLANG_ENABLE_OBJC_ARC = YES;
				CLANG_ENABLE_OBJC_WEAK = YES;
				CLANG_WARN_BLOCK_CAPTURE_AUTORELEASING = YES;
				CLANG_WARN_BOOL_CONVERSION = YES;
				CLANG_WARN_COMMA = YES;
				CLANG_WARN_CONSTANT_CONVERSION = YES;
				CLANG_WARN_DEPRECATED_OBJC_IMPLEMENTATIONS = YES;
				CLANG_WARN_DIRECT_OBJC_ISA_USAGE = YES_ERROR;
				CLANG_WARN_DOCUMENTATION_COMMENTS = YES;
				CLANG_WARN_EMPTY_BODY = YES;
				CLANG_WARN_ENUM_CONVERSION = YES;
				CLANG_WARN_INFINITE_RECURSION = YES;
				CLANG_WARN_INT_CONVERSION = YES;
				CLANG_WARN_NON_LITERAL_NULL_CONVERSION = YES;
				CLANG_WARN_OBJC_IMPLICIT_RETAIN_SELF = YES;
				CLANG_WARN_OBJC_LITERAL_CONVERSION = YES;
				CLANG_WARN_OBJC_ROOT_CLASS = YES_ERROR;
				CLANG_WARN_QUOTED_INCLUDE_IN_FRAMEWORK_HEADER = YES;
				CLANG_WARN_RANGE_LOOP_ANALYSIS = YES;
				CLANG_WARN_STRICT_PROTOTYPES = YES;
				CLANG_WARN_SUSPICIOUS_MOVE = YES;
				CLANG_WARN_UNGUARDED_AVAILABILITY = YES_AGGRESSIVE;
				CLANG_WARN_UNREACHABLE_CODE = YES;
				CLANG_WARN__DUPLICATE_METHOD_MATCH = YES;
				COPY_PHASE_STRIP = NO;
				DEAD_CODE_STRIPPING = YES;
				DEBUG_INFORMATION_FORMAT = dwarf;
				ENABLE_STRICT_OBJC_MSGSEND = YES;
				ENABLE_TESTABILITY = YES;
				GCC_C_LANGUAGE_STANDARD = gnu11;
				GCC_DYNAMIC_NO_PIC = NO;
				GCC_NO_COMMON_BLOCKS = YES;
				GCC_OPTIMIZATION_LEVEL = 0;
				GCC_PREPROCESSOR_DEFINITIONS = (
					"DEBUG=1",
					"$(inherited)",
				);
				GCC_WARN_64_TO_32_BIT_CONVERSION = YES;
				GCC_WARN_ABOUT_RETURN_TYPE = YES_ERROR;
				GCC_WARN_UNDECLARED_SELECTOR = YES;
				GCC_WARN_UNINITIALIZED_AUTOS = YES_AGGRESSIVE;
				GCC_WARN_UNUSED_FUNCTION = YES;
				GCC_WARN_UNUSED_VARIABLE = YES;
				MTL_ENABLE_DEBUG_INFO = INCLUDE_SOURCE;
				MTL_FAST_MATH = YES;
				ONLY_ACTIVE_ARCH = YES;
				SWIFT_ACTIVE_COMPILATION_CONDITIONS = DEBUG;
				SWIFT_OPTIMIZATION_LEVEL = "-Onone";
				WATCHOS_DEPLOYMENT_TARGET = 9.1;
			};
			name = Debug;
		};
		946F38A52AB079CA008CE9D1 /* Release */ = {
			isa = XCBuildConfiguration;
			baseConfigurationReference = 94EE88B82B190CFA00486B15 /* Config.xcconfig */;
			buildSettings = {
				ALWAYS_SEARCH_USER_PATHS = NO;
				CLANG_ANALYZER_LOCALIZABILITY_NONLOCALIZED = YES;
				CLANG_ANALYZER_NONNULL = YES;
				CLANG_ANALYZER_NUMBER_OBJECT_CONVERSION = YES_AGGRESSIVE;
				CLANG_CXX_LANGUAGE_STANDARD = "gnu++20";
				CLANG_ENABLE_MODULES = YES;
				CLANG_ENABLE_OBJC_ARC = YES;
				CLANG_ENABLE_OBJC_WEAK = YES;
				CLANG_WARN_BLOCK_CAPTURE_AUTORELEASING = YES;
				CLANG_WARN_BOOL_CONVERSION = YES;
				CLANG_WARN_COMMA = YES;
				CLANG_WARN_CONSTANT_CONVERSION = YES;
				CLANG_WARN_DEPRECATED_OBJC_IMPLEMENTATIONS = YES;
				CLANG_WARN_DIRECT_OBJC_ISA_USAGE = YES_ERROR;
				CLANG_WARN_DOCUMENTATION_COMMENTS = YES;
				CLANG_WARN_EMPTY_BODY = YES;
				CLANG_WARN_ENUM_CONVERSION = YES;
				CLANG_WARN_INFINITE_RECURSION = YES;
				CLANG_WARN_INT_CONVERSION = YES;
				CLANG_WARN_NON_LITERAL_NULL_CONVERSION = YES;
				CLANG_WARN_OBJC_IMPLICIT_RETAIN_SELF = YES;
				CLANG_WARN_OBJC_LITERAL_CONVERSION = YES;
				CLANG_WARN_OBJC_ROOT_CLASS = YES_ERROR;
				CLANG_WARN_QUOTED_INCLUDE_IN_FRAMEWORK_HEADER = YES;
				CLANG_WARN_RANGE_LOOP_ANALYSIS = YES;
				CLANG_WARN_STRICT_PROTOTYPES = YES;
				CLANG_WARN_SUSPICIOUS_MOVE = YES;
				CLANG_WARN_UNGUARDED_AVAILABILITY = YES_AGGRESSIVE;
				CLANG_WARN_UNREACHABLE_CODE = YES;
				CLANG_WARN__DUPLICATE_METHOD_MATCH = YES;
				COPY_PHASE_STRIP = NO;
				DEAD_CODE_STRIPPING = YES;
				DEBUG_INFORMATION_FORMAT = "dwarf-with-dsym";
				ENABLE_NS_ASSERTIONS = NO;
				ENABLE_STRICT_OBJC_MSGSEND = YES;
				GCC_C_LANGUAGE_STANDARD = gnu11;
				GCC_NO_COMMON_BLOCKS = YES;
				GCC_WARN_64_TO_32_BIT_CONVERSION = YES;
				GCC_WARN_ABOUT_RETURN_TYPE = YES_ERROR;
				GCC_WARN_UNDECLARED_SELECTOR = YES;
				GCC_WARN_UNINITIALIZED_AUTOS = YES_AGGRESSIVE;
				GCC_WARN_UNUSED_FUNCTION = YES;
				GCC_WARN_UNUSED_VARIABLE = YES;
				MTL_ENABLE_DEBUG_INFO = NO;
				MTL_FAST_MATH = YES;
				SWIFT_COMPILATION_MODE = wholemodule;
				SWIFT_OPTIMIZATION_LEVEL = "-O";
				WATCHOS_DEPLOYMENT_TARGET = 9.1;
			};
			name = Release;
		};
		946F38A72AB079CA008CE9D1 /* Debug */ = {
			isa = XCBuildConfiguration;
			buildSettings = {
				ALWAYS_EMBED_SWIFT_STANDARD_LIBRARIES = YES;
				ASSETCATALOG_COMPILER_APPICON_NAME = AppIcon;
				ASSETCATALOG_COMPILER_GLOBAL_ACCENT_COLOR_NAME = AccentColor;
				CODE_SIGN_STYLE = Automatic;
				CURRENT_PROJECT_VERSION = 3;
				DEVELOPMENT_ASSET_PATHS = "\"WatchCloud Watch App/Config/Preview Content\"";
				DEVELOPMENT_TEAM = T6MXF72738;
				ENABLE_PREVIEWS = YES;
				GENERATE_INFOPLIST_FILE = YES;
				INFOPLIST_FILE = "WatchCloud Watch App/Config/WatchCloud-Watch-App-Info.plist";
				INFOPLIST_KEY_CFBundleDisplayName = WatchCloud;
				INFOPLIST_KEY_UISupportedInterfaceOrientations = "UIInterfaceOrientationPortrait UIInterfaceOrientationPortraitUpsideDown";
				INFOPLIST_KEY_WKCompanionAppBundleIdentifier = com.RyanDF.WatchCloud;
				INFOPLIST_KEY_WKRunsIndependentlyOfCompanionApp = YES;
				INFOPLIST_KEY_WKWatchOnly = NO;
				LD_RUNPATH_SEARCH_PATHS = (
					"$(inherited)",
					"@executable_path/Frameworks",
				);
				MARKETING_VERSION = 1.3.0;
				PRODUCT_BUNDLE_IDENTIFIER = com.RyanDF.WatchCloud.watchkitapp;
				PRODUCT_NAME = "$(TARGET_NAME)";
				SDKROOT = watchos;
				SKIP_INSTALL = YES;
				SWIFT_EMIT_LOC_STRINGS = YES;
				SWIFT_VERSION = 5.0;
				TARGETED_DEVICE_FAMILY = 4;
				WATCHOS_DEPLOYMENT_TARGET = 9.1;
			};
			name = Debug;
		};
		946F38A82AB079CA008CE9D1 /* Release */ = {
			isa = XCBuildConfiguration;
			buildSettings = {
				ALWAYS_EMBED_SWIFT_STANDARD_LIBRARIES = YES;
				ASSETCATALOG_COMPILER_APPICON_NAME = AppIcon;
				ASSETCATALOG_COMPILER_GLOBAL_ACCENT_COLOR_NAME = AccentColor;
				CODE_SIGN_STYLE = Automatic;
				CURRENT_PROJECT_VERSION = 3;
				DEVELOPMENT_ASSET_PATHS = "\"WatchCloud Watch App/Config/Preview Content\"";
				DEVELOPMENT_TEAM = T6MXF72738;
				ENABLE_PREVIEWS = YES;
				GENERATE_INFOPLIST_FILE = YES;
				INFOPLIST_FILE = "WatchCloud Watch App/Config/WatchCloud-Watch-App-Info.plist";
				INFOPLIST_KEY_CFBundleDisplayName = WatchCloud;
				INFOPLIST_KEY_UISupportedInterfaceOrientations = "UIInterfaceOrientationPortrait UIInterfaceOrientationPortraitUpsideDown";
				INFOPLIST_KEY_WKCompanionAppBundleIdentifier = com.RyanDF.WatchCloud;
				INFOPLIST_KEY_WKRunsIndependentlyOfCompanionApp = YES;
				INFOPLIST_KEY_WKWatchOnly = NO;
				LD_RUNPATH_SEARCH_PATHS = (
					"$(inherited)",
					"@executable_path/Frameworks",
				);
				MARKETING_VERSION = 1.3.0;
				PRODUCT_BUNDLE_IDENTIFIER = com.RyanDF.WatchCloud.watchkitapp;
				PRODUCT_NAME = "$(TARGET_NAME)";
				SDKROOT = watchos;
				SKIP_INSTALL = YES;
				SWIFT_EMIT_LOC_STRINGS = YES;
				SWIFT_VERSION = 5.0;
				TARGETED_DEVICE_FAMILY = 4;
				VALIDATE_PRODUCT = YES;
				WATCHOS_DEPLOYMENT_TARGET = 9.1;
			};
			name = Release;
		};
		94B634472ABDFAFA00E6FCDA /* Debug */ = {
			isa = XCBuildConfiguration;
			buildSettings = {
				ASSETCATALOG_COMPILER_GENERATE_SWIFT_ASSET_SYMBOL_EXTENSIONS = YES;
				ASSETCATALOG_COMPILER_GLOBAL_ACCENT_COLOR_NAME = AccentColor;
				ASSETCATALOG_COMPILER_WIDGET_BACKGROUND_COLOR_NAME = WidgetBackground;
				CODE_SIGN_STYLE = Automatic;
				CURRENT_PROJECT_VERSION = 3;
				DEVELOPMENT_TEAM = T6MXF72738;
				ENABLE_USER_SCRIPT_SANDBOXING = YES;
				GCC_C_LANGUAGE_STANDARD = gnu17;
				GENERATE_INFOPLIST_FILE = YES;
				INFOPLIST_FILE = Complication/Info.plist;
				INFOPLIST_KEY_CFBundleDisplayName = Complication;
				INFOPLIST_KEY_NSHumanReadableCopyright = "";
				LD_RUNPATH_SEARCH_PATHS = (
					"$(inherited)",
					"@executable_path/Frameworks",
					"@executable_path/../../Frameworks",
					"@executable_path/../../../../Frameworks",
				);
				LOCALIZATION_PREFERS_STRING_CATALOGS = YES;
				MARKETING_VERSION = 1.3.0;
				PRODUCT_BUNDLE_IDENTIFIER = com.RyanDF.WatchCloud.watchkitapp.Comp;
				PRODUCT_NAME = "$(TARGET_NAME)";
				SDKROOT = watchos;
				SKIP_INSTALL = YES;
				SWIFT_ACTIVE_COMPILATION_CONDITIONS = "DEBUG $(inherited)";
				SWIFT_EMIT_LOC_STRINGS = YES;
				SWIFT_VERSION = 5.0;
				TARGETED_DEVICE_FAMILY = 4;
				WATCHOS_DEPLOYMENT_TARGET = 9.1;
			};
			name = Debug;
		};
		94B634482ABDFAFA00E6FCDA /* Release */ = {
			isa = XCBuildConfiguration;
			buildSettings = {
				ASSETCATALOG_COMPILER_GENERATE_SWIFT_ASSET_SYMBOL_EXTENSIONS = YES;
				ASSETCATALOG_COMPILER_GLOBAL_ACCENT_COLOR_NAME = AccentColor;
				ASSETCATALOG_COMPILER_WIDGET_BACKGROUND_COLOR_NAME = WidgetBackground;
				CODE_SIGN_STYLE = Automatic;
				CURRENT_PROJECT_VERSION = 3;
				DEVELOPMENT_TEAM = T6MXF72738;
				ENABLE_USER_SCRIPT_SANDBOXING = YES;
				GCC_C_LANGUAGE_STANDARD = gnu17;
				GENERATE_INFOPLIST_FILE = YES;
				INFOPLIST_FILE = Complication/Info.plist;
				INFOPLIST_KEY_CFBundleDisplayName = Complication;
				INFOPLIST_KEY_NSHumanReadableCopyright = "";
				LD_RUNPATH_SEARCH_PATHS = (
					"$(inherited)",
					"@executable_path/Frameworks",
					"@executable_path/../../Frameworks",
					"@executable_path/../../../../Frameworks",
				);
				LOCALIZATION_PREFERS_STRING_CATALOGS = YES;
				MARKETING_VERSION = 1.3.0;
				PRODUCT_BUNDLE_IDENTIFIER = com.RyanDF.WatchCloud.watchkitapp.Comp;
				PRODUCT_NAME = "$(TARGET_NAME)";
				SDKROOT = watchos;
				SKIP_INSTALL = YES;
				SWIFT_EMIT_LOC_STRINGS = YES;
				SWIFT_VERSION = 5.0;
				TARGETED_DEVICE_FAMILY = 4;
				VALIDATE_PRODUCT = YES;
				WATCHOS_DEPLOYMENT_TARGET = 9.1;
			};
			name = Release;
		};
		94B8BB1A2B18CA7900BEB53B /* Debug */ = {
			isa = XCBuildConfiguration;
			buildSettings = {
				ASSETCATALOG_COMPILER_APPICON_NAME = AppIcon;
				ASSETCATALOG_COMPILER_GENERATE_SWIFT_ASSET_SYMBOL_EXTENSIONS = YES;
				ASSETCATALOG_COMPILER_GLOBAL_ACCENT_COLOR_NAME = AccentColor;
				CODE_SIGN_STYLE = Automatic;
				CURRENT_PROJECT_VERSION = 3;
				DEVELOPMENT_ASSET_PATHS = "\"WatchCloud Login/Config/Preview Content\"";
				DEVELOPMENT_TEAM = T6MXF72738;
				ENABLE_PREVIEWS = YES;
				ENABLE_USER_SCRIPT_SANDBOXING = YES;
				GCC_C_LANGUAGE_STANDARD = gnu17;
				GENERATE_INFOPLIST_FILE = YES;
				INFOPLIST_FILE = "WatchCloud Login/Config/WatchCloud-Login-Info.plist";
				INFOPLIST_KEY_UIApplicationSceneManifest_Generation = YES;
				INFOPLIST_KEY_UIApplicationSupportsIndirectInputEvents = YES;
				INFOPLIST_KEY_UILaunchScreen_Generation = YES;
				INFOPLIST_KEY_UISupportedInterfaceOrientations = UIInterfaceOrientationPortrait;
				IPHONEOS_DEPLOYMENT_TARGET = 16.1;
				LD_RUNPATH_SEARCH_PATHS = (
					"$(inherited)",
					"@executable_path/Frameworks",
				);
				LOCALIZATION_PREFERS_STRING_CATALOGS = YES;
				MARKETING_VERSION = 1.3.0;
				PRODUCT_BUNDLE_IDENTIFIER = com.RyanDF.WatchCloud;
				PRODUCT_NAME = "$(TARGET_NAME)";
				SDKROOT = iphoneos;
				SUPPORTED_PLATFORMS = "iphoneos iphonesimulator";
				SUPPORTS_MACCATALYST = NO;
				SUPPORTS_MAC_DESIGNED_FOR_IPHONE_IPAD = NO;
				SWIFT_ACTIVE_COMPILATION_CONDITIONS = "DEBUG $(inherited)";
				SWIFT_EMIT_LOC_STRINGS = YES;
				SWIFT_VERSION = 5.0;
				TARGETED_DEVICE_FAMILY = 1;
			};
			name = Debug;
		};
		94B8BB1B2B18CA7900BEB53B /* Release */ = {
			isa = XCBuildConfiguration;
			buildSettings = {
				ASSETCATALOG_COMPILER_APPICON_NAME = AppIcon;
				ASSETCATALOG_COMPILER_GENERATE_SWIFT_ASSET_SYMBOL_EXTENSIONS = YES;
				ASSETCATALOG_COMPILER_GLOBAL_ACCENT_COLOR_NAME = AccentColor;
				CODE_SIGN_STYLE = Automatic;
				CURRENT_PROJECT_VERSION = 3;
				DEVELOPMENT_ASSET_PATHS = "\"WatchCloud Login/Config/Preview Content\"";
				DEVELOPMENT_TEAM = T6MXF72738;
				ENABLE_PREVIEWS = YES;
				ENABLE_USER_SCRIPT_SANDBOXING = YES;
				GCC_C_LANGUAGE_STANDARD = gnu17;
				GENERATE_INFOPLIST_FILE = YES;
				INFOPLIST_FILE = "WatchCloud Login/Config/WatchCloud-Login-Info.plist";
				INFOPLIST_KEY_UIApplicationSceneManifest_Generation = YES;
				INFOPLIST_KEY_UIApplicationSupportsIndirectInputEvents = YES;
				INFOPLIST_KEY_UILaunchScreen_Generation = YES;
				INFOPLIST_KEY_UISupportedInterfaceOrientations = UIInterfaceOrientationPortrait;
				IPHONEOS_DEPLOYMENT_TARGET = 16.1;
				LD_RUNPATH_SEARCH_PATHS = (
					"$(inherited)",
					"@executable_path/Frameworks",
				);
				LOCALIZATION_PREFERS_STRING_CATALOGS = YES;
				MARKETING_VERSION = 1.3.0;
				PRODUCT_BUNDLE_IDENTIFIER = com.RyanDF.WatchCloud;
				PRODUCT_NAME = "$(TARGET_NAME)";
				SDKROOT = iphoneos;
				SUPPORTED_PLATFORMS = "iphoneos iphonesimulator";
				SUPPORTS_MACCATALYST = NO;
				SUPPORTS_MAC_DESIGNED_FOR_IPHONE_IPAD = NO;
				SWIFT_EMIT_LOC_STRINGS = YES;
				SWIFT_VERSION = 5.0;
				TARGETED_DEVICE_FAMILY = 1;
				VALIDATE_PRODUCT = YES;
			};
			name = Release;
		};
/* End XCBuildConfiguration section */

/* Begin XCConfigurationList section */
		94474B5E2AF2723E00BEA5F0 /* Build configuration list for PBXNativeTarget "Unit Tests" */ = {
			isa = XCConfigurationList;
			buildConfigurations = (
				94474B5C2AF2723E00BEA5F0 /* Debug */,
				94474B5D2AF2723E00BEA5F0 /* Release */,
			);
			defaultConfigurationIsVisible = 0;
			defaultConfigurationName = Release;
		};
		946F388D2AB079C9008CE9D1 /* Build configuration list for PBXProject "WatchCloud" */ = {
			isa = XCConfigurationList;
			buildConfigurations = (
				946F38A42AB079CA008CE9D1 /* Debug */,
				946F38A52AB079CA008CE9D1 /* Release */,
			);
			defaultConfigurationIsVisible = 0;
			defaultConfigurationName = Release;
		};
		946F38A62AB079CA008CE9D1 /* Build configuration list for PBXNativeTarget "WatchCloud Watch App" */ = {
			isa = XCConfigurationList;
			buildConfigurations = (
				946F38A72AB079CA008CE9D1 /* Debug */,
				946F38A82AB079CA008CE9D1 /* Release */,
			);
			defaultConfigurationIsVisible = 0;
			defaultConfigurationName = Release;
		};
		94B634462ABDFAFA00E6FCDA /* Build configuration list for PBXNativeTarget "ComplicationExtension" */ = {
			isa = XCConfigurationList;
			buildConfigurations = (
				94B634472ABDFAFA00E6FCDA /* Debug */,
				94B634482ABDFAFA00E6FCDA /* Release */,
			);
			defaultConfigurationIsVisible = 0;
			defaultConfigurationName = Release;
		};
		94B8BB1C2B18CA7900BEB53B /* Build configuration list for PBXNativeTarget "WatchCloud" */ = {
			isa = XCConfigurationList;
			buildConfigurations = (
				94B8BB1A2B18CA7900BEB53B /* Debug */,
				94B8BB1B2B18CA7900BEB53B /* Release */,
			);
			defaultConfigurationIsVisible = 0;
			defaultConfigurationName = Release;
		};
/* End XCConfigurationList section */

/* Begin XCRemoteSwiftPackageReference section */
		9421D2B32AD2FB67005FE857 /* XCRemoteSwiftPackageReference "mixpanel-swift" */ = {
			isa = XCRemoteSwiftPackageReference;
			repositoryURL = "https://github.com/mixpanel/mixpanel-swift";
			requirement = {
				kind = upToNextMajorVersion;
				minimumVersion = 4.0.0;
			};
		};
		9488EE712AE410AE0009EC54 /* XCRemoteSwiftPackageReference "QRCode" */ = {
			isa = XCRemoteSwiftPackageReference;
			repositoryURL = "https://github.com/dagronf/QRCode";
			requirement = {
				kind = upToNextMajorVersion;
				minimumVersion = 16.1.1;
			};
		};
		94C1699E2AB474EE00570B4F /* XCRemoteSwiftPackageReference "Nuke" */ = {
			isa = XCRemoteSwiftPackageReference;
			repositoryURL = "https://github.com/kean/Nuke";
			requirement = {
				kind = upToNextMajorVersion;
				minimumVersion = 12.0.0;
			};
		};
/* End XCRemoteSwiftPackageReference section */

/* Begin XCSwiftPackageProductDependency section */
		9421D2B42AD2FB67005FE857 /* Mixpanel */ = {
			isa = XCSwiftPackageProductDependency;
			package = 9421D2B32AD2FB67005FE857 /* XCRemoteSwiftPackageReference "mixpanel-swift" */;
			productName = Mixpanel;
		};
		946F38B02AB07A2E008CE9D1 /* SoundCloud */ = {
			isa = XCSwiftPackageProductDependency;
			productName = SoundCloud;
		};
		9488EE722AE410AE0009EC54 /* QRCode */ = {
			isa = XCSwiftPackageProductDependency;
			package = 9488EE712AE410AE0009EC54 /* XCRemoteSwiftPackageReference "QRCode" */;
			productName = QRCode;
		};
		94C1699F2AB474EE00570B4F /* Nuke */ = {
			isa = XCSwiftPackageProductDependency;
			package = 94C1699E2AB474EE00570B4F /* XCRemoteSwiftPackageReference "Nuke" */;
			productName = Nuke;
		};
		94C169A12AB474EE00570B4F /* NukeUI */ = {
			isa = XCSwiftPackageProductDependency;
			package = 94C1699E2AB474EE00570B4F /* XCRemoteSwiftPackageReference "Nuke" */;
			productName = NukeUI;
		};
		94EE88A12B18F00E00486B15 /* SoundCloud */ = {
			isa = XCSwiftPackageProductDependency;
			productName = SoundCloud;
		};
/* End XCSwiftPackageProductDependency section */
	};
	rootObject = 946F388A2AB079C9008CE9D1 /* Project object */;
}
